// !$*UTF8*$!
{
	archiveVersion = 1;
	classes = {
	};
	objectVersion = 77;
	objects = {

/* Begin PBXBuildFile section */
		0053A91856EF3EB22FEB03B7 /* PaneGridView.swift in Sources */ = {isa = PBXBuildFile; fileRef = 005B56542A2F5FD5D3BC588C /* PaneGridView.swift */; };
		066D1D15DCA5E39EC770E77C /* StatusBarController.swift in Sources */ = {isa = PBXBuildFile; fileRef = 09102B6ADEAB463454E7F15E /* StatusBarController.swift */; };
		089AA30B37857F3539BF81C3 /* HelpView.swift in Sources */ = {isa = PBXBuildFile; fileRef = 84D4EC6AC4CDFB5377057239 /* HelpView.swift */; };
		0A339E290783C7347081E4FC /* GlobalHotkeyService.swift in Sources */ = {isa = PBXBuildFile; fileRef = 8340B6640D25908803B93C2A /* GlobalHotkeyService.swift */; };
		0A3E7A2B0CB52F2FE791A2B5 /* GroupCustomEmojiSheet.swift in Sources */ = {isa = PBXBuildFile; fileRef = CD30BE0FDF3CC57813A5DB46 /* GroupCustomEmojiSheet.swift */; };
		0A70A24697C96E83D6A201CE /* PaneSendReplyTests.swift in Sources */ = {isa = PBXBuildFile; fileRef = C4D5453E5B7EB4E8E7F11453 /* PaneSendReplyTests.swift */; };
		0CB9F718A5EF25AF73DED570 /* WorkspaceGroupRenderTests.swift in Sources */ = {isa = PBXBuildFile; fileRef = 2445F37BD230A19B4FA07CDC /* WorkspaceGroupRenderTests.swift */; };
		0D23E37D86270E1BAADFF549 /* MarkdownCheckboxRenderingTests.swift in Sources */ = {isa = PBXBuildFile; fileRef = 4CCB57D9C4E2AC2014127FC8 /* MarkdownCheckboxRenderingTests.swift */; };
		0D7D8E5C230B6C98E7693D66 /* PaneListTests.swift in Sources */ = {isa = PBXBuildFile; fileRef = F9F22E5DD60C8A8D83A0B4F8 /* PaneListTests.swift */; };
		0EAFF0FDB683293F95D8AB47 /* RenameWorkspaceSheet.swift in Sources */ = {isa = PBXBuildFile; fileRef = 67E67BC5275DEF2EED8D21D2 /* RenameWorkspaceSheet.swift */; };
		0EC37EE951CB883BC4DD5E9E /* GroupIconTests.swift in Sources */ = {isa = PBXBuildFile; fileRef = B822ABF12B071E574E089BB4 /* GroupIconTests.swift */; };
		1397C2AF47888F6A056F5970 /* AppDelegate.swift in Sources */ = {isa = PBXBuildFile; fileRef = 76D5AF8FEB520FE55ADB0C59 /* AppDelegate.swift */; };
		13CFD579791838D9D23C9613 /* WorkspaceLabelViews.swift in Sources */ = {isa = PBXBuildFile; fileRef = 684EF74D8EC3F295B22944AB /* WorkspaceLabelViews.swift */; };
		149E80DD671127055EF67F7F /* DiffHTMLRendererTests.swift in Sources */ = {isa = PBXBuildFile; fileRef = 396BAB6F7BCAE4EEF2ADEFAF /* DiffHTMLRendererTests.swift */; };
		14C1E964B19A8C277D5EA5E4 /* QuartzCore.framework in Frameworks */ = {isa = PBXBuildFile; fileRef = DE56BB11F5C7C34821411297 /* QuartzCore.framework */; };
		1569F35B72EC7C133643190E /* PaneType.swift in Sources */ = {isa = PBXBuildFile; fileRef = 377C07C6C4B00D0699682EA3 /* PaneType.swift */; };
		1E6354C9BBDF122BF0FB255F /* WorktreeOperationTests.swift in Sources */ = {isa = PBXBuildFile; fileRef = 11CBC99B6D8094F73CDFBD80 /* WorktreeOperationTests.swift */; };
		2061570DEABB0E43847DBB5D /* ContentView.swift in Sources */ = {isa = PBXBuildFile; fileRef = 1A198A2F5EA992907A3031ED /* ContentView.swift */; };
		2364A5458060B16493954543 /* Metal.framework in Frameworks */ = {isa = PBXBuildFile; fileRef = 281D0362CA8542610B8329F6 /* Metal.framework */; };
		27A06A15229587BD4CAB73CF /* MarkdownSourceMap.swift in Sources */ = {isa = PBXBuildFile; fileRef = 2D59700C2C2A4AC65E5F528A /* MarkdownSourceMap.swift */; };
		27D6386295651D4FE9A3DF6B /* Pane.swift in Sources */ = {isa = PBXBuildFile; fileRef = 9D96CD47FF756C95404DF4F6 /* Pane.swift */; };
		291A22061671351813971551 /* MarkdownEditorView.swift in Sources */ = {isa = PBXBuildFile; fileRef = 7ED3289901F70616FC36F80B /* MarkdownEditorView.swift */; };
		29C636F17D2FEF2D5E0BE55D /* SettingsFeature.swift in Sources */ = {isa = PBXBuildFile; fileRef = 8322D3C28268495A01EA0597 /* SettingsFeature.swift */; };
		2B4533964D77117EE6D98690 /* SocketParsingTests.swift in Sources */ = {isa = PBXBuildFile; fileRef = AC84F1EBC8A83D60127093E9 /* SocketParsingTests.swift */; };
		2BD04AF1F25BBC3516E5F706 /* GhosttyApp.swift in Sources */ = {isa = PBXBuildFile; fileRef = 000C46C62FB60503295A92E8 /* GhosttyApp.swift */; };
		2D8754E0B3E9AD185D7EB6B0 /* ConfigParser.swift in Sources */ = {isa = PBXBuildFile; fileRef = CF4114D723403D4FF8F4AC1B /* ConfigParser.swift */; };
		3B60C0FC48A2AAF6282CAB40 /* WorkspaceListView.swift in Sources */ = {isa = PBXBuildFile; fileRef = F7F9C43CA9B19E7281082913 /* WorkspaceListView.swift */; };
		3C74513CA9D5FD60E672B477 /* CommandPaletteItem.swift in Sources */ = {isa = PBXBuildFile; fileRef = 1870562A61E6F66FFE03A8BA /* CommandPaletteItem.swift */; };
		3DF88C2A2966C7B0209E22FE /* RepoPickerView.swift in Sources */ = {isa = PBXBuildFile; fileRef = 0689D085597FF9C7F4D87401 /* RepoPickerView.swift */; };
		3EB758164265D71D08B0156C /* PaneCloseReplyTests.swift in Sources */ = {isa = PBXBuildFile; fileRef = F5CE8D708EEECA4A82BE0AC1 /* PaneCloseReplyTests.swift */; };
		40D01E98BD9BE2397CFC1080 /* RepoRegistryView.swift in Sources */ = {isa = PBXBuildFile; fileRef = F90FF9C2E7F0BC50E51C47DE /* RepoRegistryView.swift */; };
		435EB1E003D333911AF3BEB9 /* Assets.xcassets in Resources */ = {isa = PBXBuildFile; fileRef = B6CC74E2D5AA179FFCE3B825 /* Assets.xcassets */; };
		4985E51407DE646EB856C28A /* NewWorkspaceSheet.swift in Sources */ = {isa = PBXBuildFile; fileRef = 4F0D3AB3067CDBF5A490F532 /* NewWorkspaceSheet.swift */; };
		4A2AC027454C7CBDF4B312C9 /* CoreText.framework in Frameworks */ = {isa = PBXBuildFile; fileRef = 1F71D541343DA67CDCADA821 /* CoreText.framework */; };
		4AF9CB9A4E7CE871FBE1A6F2 /* WorkspaceColor.swift in Sources */ = {isa = PBXBuildFile; fileRef = 6B4B95F852C737F18989F8FA /* WorkspaceColor.swift */; };
		4D7F4ECDA338E826904B584E /* PaneLayoutTests.swift in Sources */ = {isa = PBXBuildFile; fileRef = A11F5427AE75515696FB8295 /* PaneLayoutTests.swift */; };
		5109ADD55C00BC02B15EDE81 /* DatabaseService.swift in Sources */ = {isa = PBXBuildFile; fileRef = 3879BA745F8737CA5872F80D /* DatabaseService.swift */; };
		52D4477AF5CCF1724D609119 /* Sparkle in Frameworks */ = {isa = PBXBuildFile; productRef = EFC4D8E9A152683486EC7F29 /* Sparkle */; };
		550563B9BEDE841D3B7CE6B8 /* Repo.swift in Sources */ = {isa = PBXBuildFile; fileRef = 221A3B0170CFD708F3B03A84 /* Repo.swift */; };
		5883FFD10BE73F44EA8F4A5C /* PaneSearchOverlay.swift in Sources */ = {isa = PBXBuildFile; fileRef = DAE917FD003D3FFD196DBF77 /* PaneSearchOverlay.swift */; };
		58B6A951A34B2ED1516194C4 /* WebKit.framework in Frameworks */ = {isa = PBXBuildFile; fileRef = E08D39F8F87D7505CD32D25D /* WebKit.framework */; };
		58D251ED7E3B564C9BA3AD91 /* NexGhosttyDefaults.swift in Sources */ = {isa = PBXBuildFile; fileRef = 935FE280F97CB5A1DBD31113 /* NexGhosttyDefaults.swift */; };
		59239C7AD0D26E390C647C46 /* Yams in Frameworks */ = {isa = PBXBuildFile; productRef = 98CF017F4F26916F63300A33 /* Yams */; };
		5C4AA6204D49398B2E63A18B /* WorkspaceColorSelectionTests.swift in Sources */ = {isa = PBXBuildFile; fileRef = 28D977DB42ACD0B176225711 /* WorkspaceColorSelectionTests.swift */; };
		5CFC8C5F96B371044A5ABE91 /* QuitConfirmationTests.swift in Sources */ = {isa = PBXBuildFile; fileRef = 6CD202733564AC92AEC00A0C /* QuitConfirmationTests.swift */; };
		62564D224FD57BC3C02100EA /* GitServiceTests.swift in Sources */ = {isa = PBXBuildFile; fileRef = 191E820170ADF2ADB58B8079 /* GitServiceTests.swift */; };
		62BC1CC522515C8E6A99F508 /* GitHeadWatcher.swift in Sources */ = {isa = PBXBuildFile; fileRef = 281BB8BFA202B0E43FC1E2AE /* GitHeadWatcher.swift */; };
		64D34691D60DD597D0882047 /* SurfaceManager.swift in Sources */ = {isa = PBXBuildFile; fileRef = 42A24C1FEC6EA31096603326 /* SurfaceManager.swift */; };
		692A08796F7DF555CFAF0653 /* MarkdownFindScript.swift in Sources */ = {isa = PBXBuildFile; fileRef = 3B4FA41668CB28EB0FFA7911 /* MarkdownFindScript.swift */; };
		696312BB96D35569F48B7CAE /* MarkdownFrontMatter.swift in Sources */ = {isa = PBXBuildFile; fileRef = F43F769C33118440222BF5FA /* MarkdownFrontMatter.swift */; };
		6A5EFD4446B61862176EE5A1 /* MarkdownSourceMutations.swift in Sources */ = {isa = PBXBuildFile; fileRef = 062F5293BD0B8D53EFFCFE75 /* MarkdownSourceMutations.swift */; };
		6ACFF31A3875EBE87E78C587 /* RepoAssociation.swift in Sources */ = {isa = PBXBuildFile; fileRef = 257A1CB3D7653911EF93F8F5 /* RepoAssociation.swift */; };
		6C50041FBB0F31598067D4FA /* LineNumberRulerView.swift in Sources */ = {isa = PBXBuildFile; fileRef = 852AC6AE9B24B4528577F454 /* LineNumberRulerView.swift */; };
		6CF210BA0C7BFE62B90844F7 /* KeybindingsSettingsView.swift in Sources */ = {isa = PBXBuildFile; fileRef = 439174A029FAFE2C252A1B8B /* KeybindingsSettingsView.swift */; };
		741144CE5AC7DEC20A18A89D /* CommandPaletteView.swift in Sources */ = {isa = PBXBuildFile; fileRef = D70E36C00A55A87562F4AC1D /* CommandPaletteView.swift */; };
		759B67A4E8D35868EC6E2295 /* AppActivation.swift in Sources */ = {isa = PBXBuildFile; fileRef = D7D46DA7C3A37F67FBBBEAC7 /* AppActivation.swift */; };
		75BECE7D63EF981C344D4902 /* SurfaceView.swift in Sources */ = {isa = PBXBuildFile; fileRef = 94CA6C20BB3882E02348ADF4 /* SurfaceView.swift */; };
		76FC0D784C9823F0B870C6C5 /* GitHeadWatcherTests.swift in Sources */ = {isa = PBXBuildFile; fileRef = 86B88C15DF87E94A115F9FD7 /* GitHeadWatcherTests.swift */; };
		77C780C65EFA8114C681638B /* ComposableArchitecture in Frameworks */ = {isa = PBXBuildFile; productRef = 8B14B7BF7BD4FCD61EBB97A9 /* ComposableArchitecture */; };
		77CF808E3AF2C06BD12D11C0 /* SplitDividerView.swift in Sources */ = {isa = PBXBuildFile; fileRef = 7DED98594372C8E34542A5C2 /* SplitDividerView.swift */; };
		77FB1142F26F5C33539E3F23 /* DiffHTMLRenderer.swift in Sources */ = {isa = PBXBuildFile; fileRef = 92E85EE83A315989753EADF1 /* DiffHTMLRenderer.swift */; };
		7B54AB73465C0926D5259580 /* DiffPaneView.swift in Sources */ = {isa = PBXBuildFile; fileRef = 1CB2BCC7EBF45A4E50F314F2 /* DiffPaneView.swift */; };
		7C49755ABEC49B51EC1333FB /* WorkspaceGroupCRUDTests.swift in Sources */ = {isa = PBXBuildFile; fileRef = FF88062F290789D98B545AC6 /* WorkspaceGroupCRUDTests.swift */; };
		7C78EA65C2D22749546715A0 /* GhosttySurface.swift in Sources */ = {isa = PBXBuildFile; fileRef = DDD03468B083223FF50F68E0 /* GhosttySurface.swift */; };
		7CFCDB77693B32481C402E8E /* PaneCaptureReplyTests.swift in Sources */ = {isa = PBXBuildFile; fileRef = 8344DA5EFC15BF047C2003A4 /* PaneCaptureReplyTests.swift */; };
		7D1EEEBEE302F17F8CA2852D /* SocketServer.swift in Sources */ = {isa = PBXBuildFile; fileRef = 309D0F6F13F12FDC350DE875 /* SocketServer.swift */; };
		8043643CBDD85AF3315BBFE2 /* WorkspaceRowView.swift in Sources */ = {isa = PBXBuildFile; fileRef = C58BE92A0878D9CCC786A657 /* WorkspaceRowView.swift */; };
		811C87C669F7A920EE05E8DA /* GRDB in Frameworks */ = {isa = PBXBuildFile; productRef = 3A812A87D56E4976C8BF532E /* GRDB */; };
		8132EF9FB6ACF51F7AEB57CE /* NexCommands.swift in Sources */ = {isa = PBXBuildFile; fileRef = BEA20CEA0FEF28F3972BCE7D /* NexCommands.swift */; };
		82DAEDFBD71241913E7F71BC /* MarkdownRenderPipeline.swift in Sources */ = {isa = PBXBuildFile; fileRef = 8DC40231D9801677DA84F0B5 /* MarkdownRenderPipeline.swift */; };
		83EE65FFBA365E0A3A3B2C37 /* MarkdownCommentTests.swift in Sources */ = {isa = PBXBuildFile; fileRef = C6F6CF4BFA799814ED65B03B /* MarkdownCommentTests.swift */; };
		840B487024194CA181EE42F8 /* AgentLifecycleTests.swift in Sources */ = {isa = PBXBuildFile; fileRef = A2554566AF4F790EB30637E3 /* AgentLifecycleTests.swift */; };
		8BACC3111C7193B1AC30B40B /* PaneLayout.swift in Sources */ = {isa = PBXBuildFile; fileRef = 30D306AA2907696B7A28F9DA /* PaneLayout.swift */; };
		8E99D6024CA5451216D39602 /* PaneHeaderView.swift in Sources */ = {isa = PBXBuildFile; fileRef = BB94DA665D3B322A44251454 /* PaneHeaderView.swift */; };
		8F5D3C9118D51569A13CB473 /* SurfaceContainerView.swift in Sources */ = {isa = PBXBuildFile; fileRef = 018EF0FBACD529C982B7811D /* SurfaceContainerView.swift */; };
		9D8356F03AF69469528218D5 /* FocusNotifyingTextView.swift in Sources */ = {isa = PBXBuildFile; fileRef = 5AC82B39AC5EEEC6A787B4D4 /* FocusNotifyingTextView.swift */; };
		A0056823B88DEBC5006159A2 /* NotificationService.swift in Sources */ = {isa = PBXBuildFile; fileRef = CFE42A23C94DA8DA930C61E3 /* NotificationService.swift */; };
		A0749EBDDCE764238315879A /* IOKit.framework in Frameworks */ = {isa = PBXBuildFile; fileRef = F9DA0C4B28F4E3DAF4CF1EB0 /* IOKit.framework */; };
		A094A49881297881F9791F0A /* PaneSendKeyReplyTests.swift in Sources */ = {isa = PBXBuildFile; fileRef = 452A1B196F8438AD7A7DAC0A /* PaneSendKeyReplyTests.swift */; };
		A15BBD1CFDB5E52E44B7ED59 /* Markdown in Frameworks */ = {isa = PBXBuildFile; productRef = A7AC116A099F0911E230E51F /* Markdown */; };
		A1937931A23F2D0EB8472737 /* ConfigParserTests.swift in Sources */ = {isa = PBXBuildFile; fileRef = 309F641591BB580429299666 /* ConfigParserTests.swift */; };
		A33EF4059D3F3479ED5C9EE2 /* WorkspaceGroup.swift in Sources */ = {isa = PBXBuildFile; fileRef = 3B2687F4D886D153C83D8A60 /* WorkspaceGroup.swift */; };
		A3B349AFCABD43FDC2F97A2A /* EditorService.swift in Sources */ = {isa = PBXBuildFile; fileRef = D0CED7EFE254E4491327CAE0 /* EditorService.swift */; };
		A8F1A82072120476BAEC2D52 /* UserDefaultsClient.swift in Sources */ = {isa = PBXBuildFile; fileRef = 8C693AF419763177AE1CEA0F /* UserDefaultsClient.swift */; };
		AAE5749728316CB9CDDDB893 /* MarkdownReviewScript.swift in Sources */ = {isa = PBXBuildFile; fileRef = D58425647E390FBA258A6113 /* MarkdownReviewScript.swift */; };
		AC234A5AAADE90A7EC7BB5F8 /* MarkdownHTMLRenderer.swift in Sources */ = {isa = PBXBuildFile; fileRef = 1E7D450881FC7318F58CB78F /* MarkdownHTMLRenderer.swift */; };
		AF0F22742F34298F1E06A238 /* WorkspaceGroupSocketTests.swift in Sources */ = {isa = PBXBuildFile; fileRef = E9F7D5571F89D43BC6C76928 /* WorkspaceGroupSocketTests.swift */; };
		B167B81282ADF716B21B1679 /* VibrancyView.swift in Sources */ = {isa = PBXBuildFile; fileRef = 61D6AE6635332105A3C18A03 /* VibrancyView.swift */; };
		B221D950378165611A0DF932 /* ClipboardImageHelper.swift in Sources */ = {isa = PBXBuildFile; fileRef = DC371B0DE7B02828E9EDFE8E /* ClipboardImageHelper.swift */; };
		B23A46CD372F9E16C2C1D716 /* CheckForUpdatesView.swift in Sources */ = {isa = PBXBuildFile; fileRef = F173122691292BD9062F356E /* CheckForUpdatesView.swift */; };
		B2498EB9F42EA84196516DAE /* GroupHeaderRow.swift in Sources */ = {isa = PBXBuildFile; fileRef = 6BB83805BDFAC2F7DB8FF064 /* GroupHeaderRow.swift */; };
		B3FBC9276113E015DA08D41A /* PersistenceTests.swift in Sources */ = {isa = PBXBuildFile; fileRef = 4DA17E3004A004E6B4DDDBF6 /* PersistenceTests.swift */; };
		B4846A1AC5C67E51AFA9C846 /* WorkspaceDropTarget.swift in Sources */ = {isa = PBXBuildFile; fileRef = 0C975C89EC3EAA135F52A7AD /* WorkspaceDropTarget.swift */; };
		B5B3A5F0C2FA6509D37FA74A /* RepoRegistryTests.swift in Sources */ = {isa = PBXBuildFile; fileRef = 1C625959E287CE9896D5BA4D /* RepoRegistryTests.swift */; };
		B5EDCEE4998F1F0B6F844814 /* AppReducerTests.swift in Sources */ = {isa = PBXBuildFile; fileRef = D6B83DC43AEA38B4929307FA /* AppReducerTests.swift */; };
		B652FDDE5CE91C5CA1DAC8E2 /* DatabaseMigrationTests.swift in Sources */ = {isa = PBXBuildFile; fileRef = 21064C4AB47888B6A02CCD73 /* DatabaseMigrationTests.swift */; };
		B701F36FA68D43170D591F40 /* KeyBindingTests.swift in Sources */ = {isa = PBXBuildFile; fileRef = 5F60DBD29A7E964E6F18A28F /* KeyBindingTests.swift */; };
		B8DCB316773E208FABEDA9D7 /* UpdaterService.swift in Sources */ = {isa = PBXBuildFile; fileRef = C711FF0D53387D16F50C5EA6 /* UpdaterService.swift */; };
		BF19A66EC95FA4FB46CA400D /* AppKit.framework in Frameworks */ = {isa = PBXBuildFile; fileRef = F228193206574DB257C8B3FB /* AppKit.framework */; };
		C052FE23BF089795BB04E10E /* RenamePaneSheet.swift in Sources */ = {isa = PBXBuildFile; fileRef = 191592BF0EBCEC22DF9F5745 /* RenamePaneSheet.swift */; };
		C0DDF7284D01523225E5EEE7 /* GhosttyConfigClient.swift in Sources */ = {isa = PBXBuildFile; fileRef = A47FF7FB9A9C29221EAD089E /* GhosttyConfigClient.swift */; };
		C276E6F9F7B46ED43FF491D5 /* NexApp.swift in Sources */ = {isa = PBXBuildFile; fileRef = 3714AA1F15C85762BF36B1FE /* NexApp.swift */; };
		CCBCDD690DA8A082B0C3D1EF /* StatusBarPopoverView.swift in Sources */ = {isa = PBXBuildFile; fileRef = 110D5179A9834B4AB19B705B /* StatusBarPopoverView.swift */; };
		D9A2EC37D7FABEAFE48E109A /* Foundation.framework in Frameworks */ = {isa = PBXBuildFile; fileRef = DB65E3CCBB3A287C413A6015 /* Foundation.framework */; };
		DA4AC555E9C3FC84061F2FB9 /* PaneFocusView.swift in Sources */ = {isa = PBXBuildFile; fileRef = 6FD9BCE4ABC267C7E34EAF09 /* PaneFocusView.swift */; };
		DBBD0CD88C3B7EF588D5CB04 /* GitService.swift in Sources */ = {isa = PBXBuildFile; fileRef = 0153509BA13BB205C40DE2D5 /* GitService.swift */; };
		DBEEA3FF733D28D8C0E0B209 /* MarkdownSourceMutationTests.swift in Sources */ = {isa = PBXBuildFile; fileRef = A26E85E8AA0A7FD09690E181 /* MarkdownSourceMutationTests.swift */; };
		DC11308E0E92225F551CF162 /* AutoDetectRepoTests.swift in Sources */ = {isa = PBXBuildFile; fileRef = ADBC4A3F4B30336A12D32DF4 /* AutoDetectRepoTests.swift */; };
		DDD05A3B3A535DEA66485A47 /* WindowSpacesBindingTests.swift in Sources */ = {isa = PBXBuildFile; fileRef = 94D09D767C96B3F96E4DF7C5 /* WindowSpacesBindingTests.swift */; };
		DE4BB209669A230B465E2722 /* WorkspaceFeatureTests.swift in Sources */ = {isa = PBXBuildFile; fileRef = EA19A5A6562DDB77C0AE44B6 /* WorkspaceFeatureTests.swift */; };
		E02D1D3DE36CC8F66B5072AB /* GroupIcon.swift in Sources */ = {isa = PBXBuildFile; fileRef = 11C5539104EFEFA5CCB936F1 /* GroupIcon.swift */; };
		E0ABD2D68012C6BF24A92E7D /* KeybindingService.swift in Sources */ = {isa = PBXBuildFile; fileRef = 93D45D65A66C475B0CEEC53C /* KeybindingService.swift */; };
		E19F4E0C87CB85D959F0C8F2 /* GitStatus.swift in Sources */ = {isa = PBXBuildFile; fileRef = EB94C2B6250E68349B287AF7 /* GitStatus.swift */; };
		E31F1B84CF270603EF2B93E0 /* SettingsView.swift in Sources */ = {isa = PBXBuildFile; fileRef = 523DE37561222E411737C3F8 /* SettingsView.swift */; };
		E56B0EC49D7AC553B5CDC2CC /* MarkdownPaneView.swift in Sources */ = {isa = PBXBuildFile; fileRef = B02A888F436610636F5A4D55 /* MarkdownPaneView.swift */; };
		E62618BAC6927017CC4ECC44 /* WorkspaceFeature.swift in Sources */ = {isa = PBXBuildFile; fileRef = 1BA6AA9E98405375983902BD /* WorkspaceFeature.swift */; };
		E89E89193A52010164900B00 /* WorkspaceInspectorView.swift in Sources */ = {isa = PBXBuildFile; fileRef = 57C59BDCBA03302FC7FDE16B /* WorkspaceInspectorView.swift */; };
		EA22F9720B68648A78D237E3 /* MarkdownHTMLRendererTests.swift in Sources */ = {isa = PBXBuildFile; fileRef = 200EB2588E40ABB7C51E24E6 /* MarkdownHTMLRendererTests.swift */; };
		EAF43DC55C5612F3AE83BF02 /* SettingsFeatureTests.swift in Sources */ = {isa = PBXBuildFile; fileRef = ADD43112159981D690331BA5 /* SettingsFeatureTests.swift */; };
		EB3194046250F0131A172727 /* MarkdownComment.swift in Sources */ = {isa = PBXBuildFile; fileRef = 3A97DD6CB556B1297D9A7BB2 /* MarkdownComment.swift */; };
		EBFB92013428FF7CDE660CB1 /* Carbon.framework in Frameworks */ = {isa = PBXBuildFile; fileRef = 7F561A2375008B0EC39BF86D /* Carbon.framework */; };
		EC6971D2E311C8903C373778 /* AppReducer.swift in Sources */ = {isa = PBXBuildFile; fileRef = D9335AE3C92A37DD50A5715A /* AppReducer.swift */; };
		ECA2C078504EB9BF0E04B343 /* GhosttyConfig.swift in Sources */ = {isa = PBXBuildFile; fileRef = 96AD7A8D7E6592B90FBB7D24 /* GhosttyConfig.swift */; };
		ED79F70009D8C2A4A1A742F8 /* ResizeDimensionsOverlay.swift in Sources */ = {isa = PBXBuildFile; fileRef = 2F6F950849E47A0BCC6DEAB5 /* ResizeDimensionsOverlay.swift */; };
		EDD3C2388FB932FCF46F3444 /* HelpDataTests.swift in Sources */ = {isa = PBXBuildFile; fileRef = EA085FC1EE7D90E88FEF33CB /* HelpDataTests.swift */; };
		EDF35E86B633BB1E8C3DE844 /* WindowSpacesBinding.swift in Sources */ = {isa = PBXBuildFile; fileRef = E99FA58E4E44ADAD17A788E2 /* WindowSpacesBinding.swift */; };
		EF4258CFC52EB748609C7F18 /* SurfaceViewKeyboardTests.swift in Sources */ = {isa = PBXBuildFile; fileRef = 1F2EE712AF1A36900D281E8B /* SurfaceViewKeyboardTests.swift */; };
		EFDCA64CD227A833D2801893 /* CLIInstallService.swift in Sources */ = {isa = PBXBuildFile; fileRef = D9EC869803E36C99B3653FF5 /* CLIInstallService.swift */; };
		F01CDB667AE2A0CF2A825AD3 /* WorkspaceDropTargetTests.swift in Sources */ = {isa = PBXBuildFile; fileRef = E01C66D4D59D04F6372D8AD7 /* WorkspaceDropTargetTests.swift */; };
		F1139F84E35AF1181F136C9D /* KeyBinding.swift in Sources */ = {isa = PBXBuildFile; fileRef = CBF3FB912BD029F17AF0AA25 /* KeyBinding.swift */; };
		F232D23668E3159B6EA5FC37 /* NewGroupSheet.swift in Sources */ = {isa = PBXBuildFile; fileRef = EE3E3CD750CB1CDEC2F35ED1 /* NewGroupSheet.swift */; };
		F408865A1C0FC2282DD6F271 /* NexTheme.swift in Sources */ = {isa = PBXBuildFile; fileRef = 6BB526BDDE50E6C7948EE832 /* NexTheme.swift */; };
		F4E3D6023E3546EC2908C4D6 /* WorkspaceGroupPersistenceTests.swift in Sources */ = {isa = PBXBuildFile; fileRef = 933D5B5E664E30B2E88EE3C7 /* WorkspaceGroupPersistenceTests.swift */; };
		F4F95104BEADCDD6F5C79CF2 /* MarkdownFindController.swift in Sources */ = {isa = PBXBuildFile; fileRef = 37DDBBE36E6F9BC00B9EB07E /* MarkdownFindController.swift */; };
		F6B537768D81B028C1B484B2 /* PaneShortcutMonitorTests.swift in Sources */ = {isa = PBXBuildFile; fileRef = CAA7FF54B539D06E39903C41 /* PaneShortcutMonitorTests.swift */; };
		F8173E6D656996539D3DFD5B /* SidebarID.swift in Sources */ = {isa = PBXBuildFile; fileRef = B0F76E0BE2C08C77C58B1278 /* SidebarID.swift */; };
		F9EF0D090461E0518C6EB23F /* EditorServiceTests.swift in Sources */ = {isa = PBXBuildFile; fileRef = 77FDA3FB200AA7846BCDC7A7 /* EditorServiceTests.swift */; };
		FB45777E3BD181F04B322F93 /* ScratchpadEditorView.swift in Sources */ = {isa = PBXBuildFile; fileRef = E5A4C5D8F4C099C65A7EA890 /* ScratchpadEditorView.swift */; };
		FD494AFC9E74F4C5D7E125B8 /* CommandPaletteTests.swift in Sources */ = {isa = PBXBuildFile; fileRef = 89FC5F004277851CEA0CFF3F /* CommandPaletteTests.swift */; };
		FF162EE0EAF672FFFCFDF0BE /* PersistenceService.swift in Sources */ = {isa = PBXBuildFile; fileRef = CBEA23E4C37CB5B7A6F4963C /* PersistenceService.swift */; };
		FF3255F9A9213474DC14A2A0 /* QuitGate.swift in Sources */ = {isa = PBXBuildFile; fileRef = B504C980131A9A777767EEB1 /* QuitGate.swift */; };
/* End PBXBuildFile section */

/* Begin PBXContainerItemProxy section */
		D12CD9892C6530CB5C626FE5 /* PBXContainerItemProxy */ = {
			isa = PBXContainerItemProxy;
			containerPortal = 0AE995B063DE16861B083ABB /* Project object */;
			proxyType = 1;
			remoteGlobalIDString = F8512F76564374F4F46B6E25;
			remoteInfo = Nex;
		};
/* End PBXContainerItemProxy section */

/* Begin PBXFileReference section */
		000C46C62FB60503295A92E8 /* GhosttyApp.swift */ = {isa = PBXFileReference; lastKnownFileType = sourcecode.swift; path = GhosttyApp.swift; sourceTree = "<group>"; };
		005B56542A2F5FD5D3BC588C /* PaneGridView.swift */ = {isa = PBXFileReference; lastKnownFileType = sourcecode.swift; path = PaneGridView.swift; sourceTree = "<group>"; };
		0153509BA13BB205C40DE2D5 /* GitService.swift */ = {isa = PBXFileReference; lastKnownFileType = sourcecode.swift; path = GitService.swift; sourceTree = "<group>"; };
		018EF0FBACD529C982B7811D /* SurfaceContainerView.swift */ = {isa = PBXFileReference; lastKnownFileType = sourcecode.swift; path = SurfaceContainerView.swift; sourceTree = "<group>"; };
		062F5293BD0B8D53EFFCFE75 /* MarkdownSourceMutations.swift */ = {isa = PBXFileReference; lastKnownFileType = sourcecode.swift; path = MarkdownSourceMutations.swift; sourceTree = "<group>"; };
		0689D085597FF9C7F4D87401 /* RepoPickerView.swift */ = {isa = PBXFileReference; lastKnownFileType = sourcecode.swift; path = RepoPickerView.swift; sourceTree = "<group>"; };
		09102B6ADEAB463454E7F15E /* StatusBarController.swift */ = {isa = PBXFileReference; lastKnownFileType = sourcecode.swift; path = StatusBarController.swift; sourceTree = "<group>"; };
		0C975C89EC3EAA135F52A7AD /* WorkspaceDropTarget.swift */ = {isa = PBXFileReference; lastKnownFileType = sourcecode.swift; path = WorkspaceDropTarget.swift; sourceTree = "<group>"; };
		110D5179A9834B4AB19B705B /* StatusBarPopoverView.swift */ = {isa = PBXFileReference; lastKnownFileType = sourcecode.swift; path = StatusBarPopoverView.swift; sourceTree = "<group>"; };
		11C5539104EFEFA5CCB936F1 /* GroupIcon.swift */ = {isa = PBXFileReference; lastKnownFileType = sourcecode.swift; path = GroupIcon.swift; sourceTree = "<group>"; };
		11CBC99B6D8094F73CDFBD80 /* WorktreeOperationTests.swift */ = {isa = PBXFileReference; lastKnownFileType = sourcecode.swift; path = WorktreeOperationTests.swift; sourceTree = "<group>"; };
		1870562A61E6F66FFE03A8BA /* CommandPaletteItem.swift */ = {isa = PBXFileReference; lastKnownFileType = sourcecode.swift; path = CommandPaletteItem.swift; sourceTree = "<group>"; };
		191592BF0EBCEC22DF9F5745 /* RenamePaneSheet.swift */ = {isa = PBXFileReference; lastKnownFileType = sourcecode.swift; path = RenamePaneSheet.swift; sourceTree = "<group>"; };
		191E820170ADF2ADB58B8079 /* GitServiceTests.swift */ = {isa = PBXFileReference; lastKnownFileType = sourcecode.swift; path = GitServiceTests.swift; sourceTree = "<group>"; };
		1A198A2F5EA992907A3031ED /* ContentView.swift */ = {isa = PBXFileReference; lastKnownFileType = sourcecode.swift; path = ContentView.swift; sourceTree = "<group>"; };
		1BA6AA9E98405375983902BD /* WorkspaceFeature.swift */ = {isa = PBXFileReference; lastKnownFileType = sourcecode.swift; path = WorkspaceFeature.swift; sourceTree = "<group>"; };
		1C625959E287CE9896D5BA4D /* RepoRegistryTests.swift */ = {isa = PBXFileReference; lastKnownFileType = sourcecode.swift; path = RepoRegistryTests.swift; sourceTree = "<group>"; };
		1CB2BCC7EBF45A4E50F314F2 /* DiffPaneView.swift */ = {isa = PBXFileReference; lastKnownFileType = sourcecode.swift; path = DiffPaneView.swift; sourceTree = "<group>"; };
		1E7D450881FC7318F58CB78F /* MarkdownHTMLRenderer.swift */ = {isa = PBXFileReference; lastKnownFileType = sourcecode.swift; path = MarkdownHTMLRenderer.swift; sourceTree = "<group>"; };
		1F2EE712AF1A36900D281E8B /* SurfaceViewKeyboardTests.swift */ = {isa = PBXFileReference; lastKnownFileType = sourcecode.swift; path = SurfaceViewKeyboardTests.swift; sourceTree = "<group>"; };
		1F71D541343DA67CDCADA821 /* CoreText.framework */ = {isa = PBXFileReference; lastKnownFileType = wrapper.framework; name = CoreText.framework; path = System/Library/Frameworks/CoreText.framework; sourceTree = SDKROOT; };
		200EB2588E40ABB7C51E24E6 /* MarkdownHTMLRendererTests.swift */ = {isa = PBXFileReference; lastKnownFileType = sourcecode.swift; path = MarkdownHTMLRendererTests.swift; sourceTree = "<group>"; };
		21064C4AB47888B6A02CCD73 /* DatabaseMigrationTests.swift */ = {isa = PBXFileReference; lastKnownFileType = sourcecode.swift; path = DatabaseMigrationTests.swift; sourceTree = "<group>"; };
		221A3B0170CFD708F3B03A84 /* Repo.swift */ = {isa = PBXFileReference; lastKnownFileType = sourcecode.swift; path = Repo.swift; sourceTree = "<group>"; };
		2445F37BD230A19B4FA07CDC /* WorkspaceGroupRenderTests.swift */ = {isa = PBXFileReference; lastKnownFileType = sourcecode.swift; path = WorkspaceGroupRenderTests.swift; sourceTree = "<group>"; };
		257A1CB3D7653911EF93F8F5 /* RepoAssociation.swift */ = {isa = PBXFileReference; lastKnownFileType = sourcecode.swift; path = RepoAssociation.swift; sourceTree = "<group>"; };
		281BB8BFA202B0E43FC1E2AE /* GitHeadWatcher.swift */ = {isa = PBXFileReference; lastKnownFileType = sourcecode.swift; path = GitHeadWatcher.swift; sourceTree = "<group>"; };
		281D0362CA8542610B8329F6 /* Metal.framework */ = {isa = PBXFileReference; lastKnownFileType = wrapper.framework; name = Metal.framework; path = System/Library/Frameworks/Metal.framework; sourceTree = SDKROOT; };
		28D977DB42ACD0B176225711 /* WorkspaceColorSelectionTests.swift */ = {isa = PBXFileReference; lastKnownFileType = sourcecode.swift; path = WorkspaceColorSelectionTests.swift; sourceTree = "<group>"; };
		2D59700C2C2A4AC65E5F528A /* MarkdownSourceMap.swift */ = {isa = PBXFileReference; lastKnownFileType = sourcecode.swift; path = MarkdownSourceMap.swift; sourceTree = "<group>"; };
		2F6F950849E47A0BCC6DEAB5 /* ResizeDimensionsOverlay.swift */ = {isa = PBXFileReference; lastKnownFileType = sourcecode.swift; path = ResizeDimensionsOverlay.swift; sourceTree = "<group>"; };
		309D0F6F13F12FDC350DE875 /* SocketServer.swift */ = {isa = PBXFileReference; lastKnownFileType = sourcecode.swift; path = SocketServer.swift; sourceTree = "<group>"; };
		309F641591BB580429299666 /* ConfigParserTests.swift */ = {isa = PBXFileReference; lastKnownFileType = sourcecode.swift; path = ConfigParserTests.swift; sourceTree = "<group>"; };
		30D306AA2907696B7A28F9DA /* PaneLayout.swift */ = {isa = PBXFileReference; lastKnownFileType = sourcecode.swift; path = PaneLayout.swift; sourceTree = "<group>"; };
		3714AA1F15C85762BF36B1FE /* NexApp.swift */ = {isa = PBXFileReference; lastKnownFileType = sourcecode.swift; path = NexApp.swift; sourceTree = "<group>"; };
		377C07C6C4B00D0699682EA3 /* PaneType.swift */ = {isa = PBXFileReference; lastKnownFileType = sourcecode.swift; path = PaneType.swift; sourceTree = "<group>"; };
		37DDBBE36E6F9BC00B9EB07E /* MarkdownFindController.swift */ = {isa = PBXFileReference; lastKnownFileType = sourcecode.swift; path = MarkdownFindController.swift; sourceTree = "<group>"; };
		3879BA745F8737CA5872F80D /* DatabaseService.swift */ = {isa = PBXFileReference; lastKnownFileType = sourcecode.swift; path = DatabaseService.swift; sourceTree = "<group>"; };
		396BAB6F7BCAE4EEF2ADEFAF /* DiffHTMLRendererTests.swift */ = {isa = PBXFileReference; lastKnownFileType = sourcecode.swift; path = DiffHTMLRendererTests.swift; sourceTree = "<group>"; };
		3A97DD6CB556B1297D9A7BB2 /* MarkdownComment.swift */ = {isa = PBXFileReference; lastKnownFileType = sourcecode.swift; path = MarkdownComment.swift; sourceTree = "<group>"; };
		3B2687F4D886D153C83D8A60 /* WorkspaceGroup.swift */ = {isa = PBXFileReference; lastKnownFileType = sourcecode.swift; path = WorkspaceGroup.swift; sourceTree = "<group>"; };
		3B4FA41668CB28EB0FFA7911 /* MarkdownFindScript.swift */ = {isa = PBXFileReference; lastKnownFileType = sourcecode.swift; path = MarkdownFindScript.swift; sourceTree = "<group>"; };
		42A24C1FEC6EA31096603326 /* SurfaceManager.swift */ = {isa = PBXFileReference; lastKnownFileType = sourcecode.swift; path = SurfaceManager.swift; sourceTree = "<group>"; };
		439174A029FAFE2C252A1B8B /* KeybindingsSettingsView.swift */ = {isa = PBXFileReference; lastKnownFileType = sourcecode.swift; path = KeybindingsSettingsView.swift; sourceTree = "<group>"; };
		452A1B196F8438AD7A7DAC0A /* PaneSendKeyReplyTests.swift */ = {isa = PBXFileReference; lastKnownFileType = sourcecode.swift; path = PaneSendKeyReplyTests.swift; sourceTree = "<group>"; };
		4CCB57D9C4E2AC2014127FC8 /* MarkdownCheckboxRenderingTests.swift */ = {isa = PBXFileReference; lastKnownFileType = sourcecode.swift; path = MarkdownCheckboxRenderingTests.swift; sourceTree = "<group>"; };
		4DA17E3004A004E6B4DDDBF6 /* PersistenceTests.swift */ = {isa = PBXFileReference; lastKnownFileType = sourcecode.swift; path = PersistenceTests.swift; sourceTree = "<group>"; };
		4F0D3AB3067CDBF5A490F532 /* NewWorkspaceSheet.swift */ = {isa = PBXFileReference; lastKnownFileType = sourcecode.swift; path = NewWorkspaceSheet.swift; sourceTree = "<group>"; };
		523DE37561222E411737C3F8 /* SettingsView.swift */ = {isa = PBXFileReference; lastKnownFileType = sourcecode.swift; path = SettingsView.swift; sourceTree = "<group>"; };
		57C59BDCBA03302FC7FDE16B /* WorkspaceInspectorView.swift */ = {isa = PBXFileReference; lastKnownFileType = sourcecode.swift; path = WorkspaceInspectorView.swift; sourceTree = "<group>"; };
		5AC82B39AC5EEEC6A787B4D4 /* FocusNotifyingTextView.swift */ = {isa = PBXFileReference; lastKnownFileType = sourcecode.swift; path = FocusNotifyingTextView.swift; sourceTree = "<group>"; };
		5F60DBD29A7E964E6F18A28F /* KeyBindingTests.swift */ = {isa = PBXFileReference; lastKnownFileType = sourcecode.swift; path = KeyBindingTests.swift; sourceTree = "<group>"; };
		61D6AE6635332105A3C18A03 /* VibrancyView.swift */ = {isa = PBXFileReference; lastKnownFileType = sourcecode.swift; path = VibrancyView.swift; sourceTree = "<group>"; };
		67E67BC5275DEF2EED8D21D2 /* RenameWorkspaceSheet.swift */ = {isa = PBXFileReference; lastKnownFileType = sourcecode.swift; path = RenameWorkspaceSheet.swift; sourceTree = "<group>"; };
		684EF74D8EC3F295B22944AB /* WorkspaceLabelViews.swift */ = {isa = PBXFileReference; lastKnownFileType = sourcecode.swift; path = WorkspaceLabelViews.swift; sourceTree = "<group>"; };
		6B4B95F852C737F18989F8FA /* WorkspaceColor.swift */ = {isa = PBXFileReference; lastKnownFileType = sourcecode.swift; path = WorkspaceColor.swift; sourceTree = "<group>"; };
		6BB526BDDE50E6C7948EE832 /* NexTheme.swift */ = {isa = PBXFileReference; lastKnownFileType = sourcecode.swift; path = NexTheme.swift; sourceTree = "<group>"; };
		6BB83805BDFAC2F7DB8FF064 /* GroupHeaderRow.swift */ = {isa = PBXFileReference; lastKnownFileType = sourcecode.swift; path = GroupHeaderRow.swift; sourceTree = "<group>"; };
		6CD202733564AC92AEC00A0C /* QuitConfirmationTests.swift */ = {isa = PBXFileReference; lastKnownFileType = sourcecode.swift; path = QuitConfirmationTests.swift; sourceTree = "<group>"; };
		6FD9BCE4ABC267C7E34EAF09 /* PaneFocusView.swift */ = {isa = PBXFileReference; lastKnownFileType = sourcecode.swift; path = PaneFocusView.swift; sourceTree = "<group>"; };
		75DCD589969583F84BFCE38B /* NexTests.xctest */ = {isa = PBXFileReference; explicitFileType = wrapper.cfbundle; includeInIndex = 0; path = NexTests.xctest; sourceTree = BUILT_PRODUCTS_DIR; };
		76D5AF8FEB520FE55ADB0C59 /* AppDelegate.swift */ = {isa = PBXFileReference; lastKnownFileType = sourcecode.swift; path = AppDelegate.swift; sourceTree = "<group>"; };
		77FDA3FB200AA7846BCDC7A7 /* EditorServiceTests.swift */ = {isa = PBXFileReference; lastKnownFileType = sourcecode.swift; path = EditorServiceTests.swift; sourceTree = "<group>"; };
		7DED98594372C8E34542A5C2 /* SplitDividerView.swift */ = {isa = PBXFileReference; lastKnownFileType = sourcecode.swift; path = SplitDividerView.swift; sourceTree = "<group>"; };
		7ED3289901F70616FC36F80B /* MarkdownEditorView.swift */ = {isa = PBXFileReference; lastKnownFileType = sourcecode.swift; path = MarkdownEditorView.swift; sourceTree = "<group>"; };
		7F561A2375008B0EC39BF86D /* Carbon.framework */ = {isa = PBXFileReference; lastKnownFileType = wrapper.framework; name = Carbon.framework; path = System/Library/Frameworks/Carbon.framework; sourceTree = SDKROOT; };
		8322D3C28268495A01EA0597 /* SettingsFeature.swift */ = {isa = PBXFileReference; lastKnownFileType = sourcecode.swift; path = SettingsFeature.swift; sourceTree = "<group>"; };
		8340B6640D25908803B93C2A /* GlobalHotkeyService.swift */ = {isa = PBXFileReference; lastKnownFileType = sourcecode.swift; path = GlobalHotkeyService.swift; sourceTree = "<group>"; };
		8344DA5EFC15BF047C2003A4 /* PaneCaptureReplyTests.swift */ = {isa = PBXFileReference; lastKnownFileType = sourcecode.swift; path = PaneCaptureReplyTests.swift; sourceTree = "<group>"; };
		84D4EC6AC4CDFB5377057239 /* HelpView.swift */ = {isa = PBXFileReference; lastKnownFileType = sourcecode.swift; path = HelpView.swift; sourceTree = "<group>"; };
		852AC6AE9B24B4528577F454 /* LineNumberRulerView.swift */ = {isa = PBXFileReference; lastKnownFileType = sourcecode.swift; path = LineNumberRulerView.swift; sourceTree = "<group>"; };
		86B88C15DF87E94A115F9FD7 /* GitHeadWatcherTests.swift */ = {isa = PBXFileReference; lastKnownFileType = sourcecode.swift; path = GitHeadWatcherTests.swift; sourceTree = "<group>"; };
		89FC5F004277851CEA0CFF3F /* CommandPaletteTests.swift */ = {isa = PBXFileReference; lastKnownFileType = sourcecode.swift; path = CommandPaletteTests.swift; sourceTree = "<group>"; };
		8C693AF419763177AE1CEA0F /* UserDefaultsClient.swift */ = {isa = PBXFileReference; lastKnownFileType = sourcecode.swift; path = UserDefaultsClient.swift; sourceTree = "<group>"; };
		8DC40231D9801677DA84F0B5 /* MarkdownRenderPipeline.swift */ = {isa = PBXFileReference; lastKnownFileType = sourcecode.swift; path = MarkdownRenderPipeline.swift; sourceTree = "<group>"; };
		92E85EE83A315989753EADF1 /* DiffHTMLRenderer.swift */ = {isa = PBXFileReference; lastKnownFileType = sourcecode.swift; path = DiffHTMLRenderer.swift; sourceTree = "<group>"; };
		933D5B5E664E30B2E88EE3C7 /* WorkspaceGroupPersistenceTests.swift */ = {isa = PBXFileReference; lastKnownFileType = sourcecode.swift; path = WorkspaceGroupPersistenceTests.swift; sourceTree = "<group>"; };
		935FE280F97CB5A1DBD31113 /* NexGhosttyDefaults.swift */ = {isa = PBXFileReference; lastKnownFileType = sourcecode.swift; path = NexGhosttyDefaults.swift; sourceTree = "<group>"; };
		93D45D65A66C475B0CEEC53C /* KeybindingService.swift */ = {isa = PBXFileReference; lastKnownFileType = sourcecode.swift; path = KeybindingService.swift; sourceTree = "<group>"; };
		94CA6C20BB3882E02348ADF4 /* SurfaceView.swift */ = {isa = PBXFileReference; lastKnownFileType = sourcecode.swift; path = SurfaceView.swift; sourceTree = "<group>"; };
		94D09D767C96B3F96E4DF7C5 /* WindowSpacesBindingTests.swift */ = {isa = PBXFileReference; lastKnownFileType = sourcecode.swift; path = WindowSpacesBindingTests.swift; sourceTree = "<group>"; };
		96AD7A8D7E6592B90FBB7D24 /* GhosttyConfig.swift */ = {isa = PBXFileReference; lastKnownFileType = sourcecode.swift; path = GhosttyConfig.swift; sourceTree = "<group>"; };
		9D96CD47FF756C95404DF4F6 /* Pane.swift */ = {isa = PBXFileReference; lastKnownFileType = sourcecode.swift; path = Pane.swift; sourceTree = "<group>"; };
		A11F5427AE75515696FB8295 /* PaneLayoutTests.swift */ = {isa = PBXFileReference; lastKnownFileType = sourcecode.swift; path = PaneLayoutTests.swift; sourceTree = "<group>"; };
		A2554566AF4F790EB30637E3 /* AgentLifecycleTests.swift */ = {isa = PBXFileReference; lastKnownFileType = sourcecode.swift; path = AgentLifecycleTests.swift; sourceTree = "<group>"; };
		A26E85E8AA0A7FD09690E181 /* MarkdownSourceMutationTests.swift */ = {isa = PBXFileReference; lastKnownFileType = sourcecode.swift; path = MarkdownSourceMutationTests.swift; sourceTree = "<group>"; };
		A47FF7FB9A9C29221EAD089E /* GhosttyConfigClient.swift */ = {isa = PBXFileReference; lastKnownFileType = sourcecode.swift; path = GhosttyConfigClient.swift; sourceTree = "<group>"; };
		AC84F1EBC8A83D60127093E9 /* SocketParsingTests.swift */ = {isa = PBXFileReference; lastKnownFileType = sourcecode.swift; path = SocketParsingTests.swift; sourceTree = "<group>"; };
		ADBC4A3F4B30336A12D32DF4 /* AutoDetectRepoTests.swift */ = {isa = PBXFileReference; lastKnownFileType = sourcecode.swift; path = AutoDetectRepoTests.swift; sourceTree = "<group>"; };
		ADD43112159981D690331BA5 /* SettingsFeatureTests.swift */ = {isa = PBXFileReference; lastKnownFileType = sourcecode.swift; path = SettingsFeatureTests.swift; sourceTree = "<group>"; };
		B02A888F436610636F5A4D55 /* MarkdownPaneView.swift */ = {isa = PBXFileReference; lastKnownFileType = sourcecode.swift; path = MarkdownPaneView.swift; sourceTree = "<group>"; };
		B0F76E0BE2C08C77C58B1278 /* SidebarID.swift */ = {isa = PBXFileReference; lastKnownFileType = sourcecode.swift; path = SidebarID.swift; sourceTree = "<group>"; };
		B504C980131A9A777767EEB1 /* QuitGate.swift */ = {isa = PBXFileReference; lastKnownFileType = sourcecode.swift; path = QuitGate.swift; sourceTree = "<group>"; };
		B6CC74E2D5AA179FFCE3B825 /* Assets.xcassets */ = {isa = PBXFileReference; lastKnownFileType = folder.assetcatalog; path = Assets.xcassets; sourceTree = "<group>"; };
		B822ABF12B071E574E089BB4 /* GroupIconTests.swift */ = {isa = PBXFileReference; lastKnownFileType = sourcecode.swift; path = GroupIconTests.swift; sourceTree = "<group>"; };
		BB94DA665D3B322A44251454 /* PaneHeaderView.swift */ = {isa = PBXFileReference; lastKnownFileType = sourcecode.swift; path = PaneHeaderView.swift; sourceTree = "<group>"; };
		BEA20CEA0FEF28F3972BCE7D /* NexCommands.swift */ = {isa = PBXFileReference; lastKnownFileType = sourcecode.swift; path = NexCommands.swift; sourceTree = "<group>"; };
		BECB2222837AC350E94222BB /* Info.plist */ = {isa = PBXFileReference; lastKnownFileType = text.plist; path = Info.plist; sourceTree = "<group>"; };
		C4D5453E5B7EB4E8E7F11453 /* PaneSendReplyTests.swift */ = {isa = PBXFileReference; lastKnownFileType = sourcecode.swift; path = PaneSendReplyTests.swift; sourceTree = "<group>"; };
		C58BE92A0878D9CCC786A657 /* WorkspaceRowView.swift */ = {isa = PBXFileReference; lastKnownFileType = sourcecode.swift; path = WorkspaceRowView.swift; sourceTree = "<group>"; };
		C6F6CF4BFA799814ED65B03B /* MarkdownCommentTests.swift */ = {isa = PBXFileReference; lastKnownFileType = sourcecode.swift; path = MarkdownCommentTests.swift; sourceTree = "<group>"; };
		C711FF0D53387D16F50C5EA6 /* UpdaterService.swift */ = {isa = PBXFileReference; lastKnownFileType = sourcecode.swift; path = UpdaterService.swift; sourceTree = "<group>"; };
		CAA7FF54B539D06E39903C41 /* PaneShortcutMonitorTests.swift */ = {isa = PBXFileReference; lastKnownFileType = sourcecode.swift; path = PaneShortcutMonitorTests.swift; sourceTree = "<group>"; };
		CBEA23E4C37CB5B7A6F4963C /* PersistenceService.swift */ = {isa = PBXFileReference; lastKnownFileType = sourcecode.swift; path = PersistenceService.swift; sourceTree = "<group>"; };
		CBF3FB912BD029F17AF0AA25 /* KeyBinding.swift */ = {isa = PBXFileReference; lastKnownFileType = sourcecode.swift; path = KeyBinding.swift; sourceTree = "<group>"; };
		CD30BE0FDF3CC57813A5DB46 /* GroupCustomEmojiSheet.swift */ = {isa = PBXFileReference; lastKnownFileType = sourcecode.swift; path = GroupCustomEmojiSheet.swift; sourceTree = "<group>"; };
		CF4114D723403D4FF8F4AC1B /* ConfigParser.swift */ = {isa = PBXFileReference; lastKnownFileType = sourcecode.swift; path = ConfigParser.swift; sourceTree = "<group>"; };
		CFE42A23C94DA8DA930C61E3 /* NotificationService.swift */ = {isa = PBXFileReference; lastKnownFileType = sourcecode.swift; path = NotificationService.swift; sourceTree = "<group>"; };
		D0CED7EFE254E4491327CAE0 /* EditorService.swift */ = {isa = PBXFileReference; lastKnownFileType = sourcecode.swift; path = EditorService.swift; sourceTree = "<group>"; };
		D58425647E390FBA258A6113 /* MarkdownReviewScript.swift */ = {isa = PBXFileReference; lastKnownFileType = sourcecode.swift; path = MarkdownReviewScript.swift; sourceTree = "<group>"; };
		D6B83DC43AEA38B4929307FA /* AppReducerTests.swift */ = {isa = PBXFileReference; lastKnownFileType = sourcecode.swift; path = AppReducerTests.swift; sourceTree = "<group>"; };
		D70E36C00A55A87562F4AC1D /* CommandPaletteView.swift */ = {isa = PBXFileReference; lastKnownFileType = sourcecode.swift; path = CommandPaletteView.swift; sourceTree = "<group>"; };
		D7D46DA7C3A37F67FBBBEAC7 /* AppActivation.swift */ = {isa = PBXFileReference; lastKnownFileType = sourcecode.swift; path = AppActivation.swift; sourceTree = "<group>"; };
		D9335AE3C92A37DD50A5715A /* AppReducer.swift */ = {isa = PBXFileReference; lastKnownFileType = sourcecode.swift; path = AppReducer.swift; sourceTree = "<group>"; };
		D9EC869803E36C99B3653FF5 /* CLIInstallService.swift */ = {isa = PBXFileReference; lastKnownFileType = sourcecode.swift; path = CLIInstallService.swift; sourceTree = "<group>"; };
		DAE917FD003D3FFD196DBF77 /* PaneSearchOverlay.swift */ = {isa = PBXFileReference; lastKnownFileType = sourcecode.swift; path = PaneSearchOverlay.swift; sourceTree = "<group>"; };
		DB65E3CCBB3A287C413A6015 /* Foundation.framework */ = {isa = PBXFileReference; lastKnownFileType = wrapper.framework; name = Foundation.framework; path = System/Library/Frameworks/Foundation.framework; sourceTree = SDKROOT; };
		DC371B0DE7B02828E9EDFE8E /* ClipboardImageHelper.swift */ = {isa = PBXFileReference; lastKnownFileType = sourcecode.swift; path = ClipboardImageHelper.swift; sourceTree = "<group>"; };
		DDD03468B083223FF50F68E0 /* GhosttySurface.swift */ = {isa = PBXFileReference; lastKnownFileType = sourcecode.swift; path = GhosttySurface.swift; sourceTree = "<group>"; };
		DE56BB11F5C7C34821411297 /* QuartzCore.framework */ = {isa = PBXFileReference; lastKnownFileType = wrapper.framework; name = QuartzCore.framework; path = System/Library/Frameworks/QuartzCore.framework; sourceTree = SDKROOT; };
		E01C66D4D59D04F6372D8AD7 /* WorkspaceDropTargetTests.swift */ = {isa = PBXFileReference; lastKnownFileType = sourcecode.swift; path = WorkspaceDropTargetTests.swift; sourceTree = "<group>"; };
		E08D39F8F87D7505CD32D25D /* WebKit.framework */ = {isa = PBXFileReference; lastKnownFileType = wrapper.framework; name = WebKit.framework; path = System/Library/Frameworks/WebKit.framework; sourceTree = SDKROOT; };
		E5859C5B2E1850D1262AFE4B /* Nex.app */ = {isa = PBXFileReference; explicitFileType = wrapper.application; includeInIndex = 0; path = Nex.app; sourceTree = BUILT_PRODUCTS_DIR; };
		E5A4C5D8F4C099C65A7EA890 /* ScratchpadEditorView.swift */ = {isa = PBXFileReference; lastKnownFileType = sourcecode.swift; path = ScratchpadEditorView.swift; sourceTree = "<group>"; };
		E99FA58E4E44ADAD17A788E2 /* WindowSpacesBinding.swift */ = {isa = PBXFileReference; lastKnownFileType = sourcecode.swift; path = WindowSpacesBinding.swift; sourceTree = "<group>"; };
		E9F7D5571F89D43BC6C76928 /* WorkspaceGroupSocketTests.swift */ = {isa = PBXFileReference; lastKnownFileType = sourcecode.swift; path = WorkspaceGroupSocketTests.swift; sourceTree = "<group>"; };
		EA085FC1EE7D90E88FEF33CB /* HelpDataTests.swift */ = {isa = PBXFileReference; lastKnownFileType = sourcecode.swift; path = HelpDataTests.swift; sourceTree = "<group>"; };
		EA19A5A6562DDB77C0AE44B6 /* WorkspaceFeatureTests.swift */ = {isa = PBXFileReference; lastKnownFileType = sourcecode.swift; path = WorkspaceFeatureTests.swift; sourceTree = "<group>"; };
		EB94C2B6250E68349B287AF7 /* GitStatus.swift */ = {isa = PBXFileReference; lastKnownFileType = sourcecode.swift; path = GitStatus.swift; sourceTree = "<group>"; };
		EE3E3CD750CB1CDEC2F35ED1 /* NewGroupSheet.swift */ = {isa = PBXFileReference; lastKnownFileType = sourcecode.swift; path = NewGroupSheet.swift; sourceTree = "<group>"; };
		F173122691292BD9062F356E /* CheckForUpdatesView.swift */ = {isa = PBXFileReference; lastKnownFileType = sourcecode.swift; path = CheckForUpdatesView.swift; sourceTree = "<group>"; };
		F1A8D5B3446F6056F443CDB8 /* Nex.entitlements */ = {isa = PBXFileReference; lastKnownFileType = text.plist.entitlements; path = Nex.entitlements; sourceTree = "<group>"; };
		F228193206574DB257C8B3FB /* AppKit.framework */ = {isa = PBXFileReference; lastKnownFileType = wrapper.framework; name = AppKit.framework; path = System/Library/Frameworks/AppKit.framework; sourceTree = SDKROOT; };
		F43F769C33118440222BF5FA /* MarkdownFrontMatter.swift */ = {isa = PBXFileReference; lastKnownFileType = sourcecode.swift; path = MarkdownFrontMatter.swift; sourceTree = "<group>"; };
		F5CE8D708EEECA4A82BE0AC1 /* PaneCloseReplyTests.swift */ = {isa = PBXFileReference; lastKnownFileType = sourcecode.swift; path = PaneCloseReplyTests.swift; sourceTree = "<group>"; };
		F7F9C43CA9B19E7281082913 /* WorkspaceListView.swift */ = {isa = PBXFileReference; lastKnownFileType = sourcecode.swift; path = WorkspaceListView.swift; sourceTree = "<group>"; };
		F90FF9C2E7F0BC50E51C47DE /* RepoRegistryView.swift */ = {isa = PBXFileReference; lastKnownFileType = sourcecode.swift; path = RepoRegistryView.swift; sourceTree = "<group>"; };
		F9DA0C4B28F4E3DAF4CF1EB0 /* IOKit.framework */ = {isa = PBXFileReference; lastKnownFileType = wrapper.framework; name = IOKit.framework; path = System/Library/Frameworks/IOKit.framework; sourceTree = SDKROOT; };
		F9F22E5DD60C8A8D83A0B4F8 /* PaneListTests.swift */ = {isa = PBXFileReference; lastKnownFileType = sourcecode.swift; path = PaneListTests.swift; sourceTree = "<group>"; };
		FF88062F290789D98B545AC6 /* WorkspaceGroupCRUDTests.swift */ = {isa = PBXFileReference; lastKnownFileType = sourcecode.swift; path = WorkspaceGroupCRUDTests.swift; sourceTree = "<group>"; };
/* End PBXFileReference section */

/* Begin PBXFrameworksBuildPhase section */
		6E91527DFFE7D937CC95545F /* Frameworks */ = {
			isa = PBXFrameworksBuildPhase;
			buildActionMask = 2147483647;
			files = (
				77C780C65EFA8114C681638B /* ComposableArchitecture in Frameworks */,
				811C87C669F7A920EE05E8DA /* GRDB in Frameworks */,
				52D4477AF5CCF1724D609119 /* Sparkle in Frameworks */,
				A15BBD1CFDB5E52E44B7ED59 /* Markdown in Frameworks */,
				59239C7AD0D26E390C647C46 /* Yams in Frameworks */,
				2364A5458060B16493954543 /* Metal.framework in Frameworks */,
				58B6A951A34B2ED1516194C4 /* WebKit.framework in Frameworks */,
				14C1E964B19A8C277D5EA5E4 /* QuartzCore.framework in Frameworks */,
				4A2AC027454C7CBDF4B312C9 /* CoreText.framework in Frameworks */,
				BF19A66EC95FA4FB46CA400D /* AppKit.framework in Frameworks */,
				A0749EBDDCE764238315879A /* IOKit.framework in Frameworks */,
				D9A2EC37D7FABEAFE48E109A /* Foundation.framework in Frameworks */,
				EBFB92013428FF7CDE660CB1 /* Carbon.framework in Frameworks */,
			);
			runOnlyForDeploymentPostprocessing = 0;
		};
/* End PBXFrameworksBuildPhase section */

/* Begin PBXGroup section */
		09ECBBE13D93F1F5CFC8849D /* RepoRegistry */ = {
			isa = PBXGroup;
			children = (
				0689D085597FF9C7F4D87401 /* RepoPickerView.swift */,
				F90FF9C2E7F0BC50E51C47DE /* RepoRegistryView.swift */,
			);
			path = RepoRegistry;
			sourceTree = "<group>";
		};
		0DBD8165FC96993F1530E91E = {
			isa = PBXGroup;
			children = (
				517D1FAA0B3B717E85EFDA2D /* Nex */,
				47374755237A71FC9547ADD5 /* NexTests */,
				A05FDE83E479F0CC46756554 /* Frameworks */,
				A08F07BEBBB932F6F6C05FAF /* Products */,
			);
			sourceTree = "<group>";
		};
		0E3C930E9EEBE1D0094A6538 /* ScratchpadPane */ = {
			isa = PBXGroup;
			children = (
				E5A4C5D8F4C099C65A7EA890 /* ScratchpadEditorView.swift */,
			);
			path = ScratchpadPane;
			sourceTree = "<group>";
		};
		37906607D9F29897C19CCC22 /* Models */ = {
			isa = PBXGroup;
			children = (
				EB94C2B6250E68349B287AF7 /* GitStatus.swift */,
				11C5539104EFEFA5CCB936F1 /* GroupIcon.swift */,
				CBF3FB912BD029F17AF0AA25 /* KeyBinding.swift */,
				6BB526BDDE50E6C7948EE832 /* NexTheme.swift */,
				9D96CD47FF756C95404DF4F6 /* Pane.swift */,
				30D306AA2907696B7A28F9DA /* PaneLayout.swift */,
				377C07C6C4B00D0699682EA3 /* PaneType.swift */,
				221A3B0170CFD708F3B03A84 /* Repo.swift */,
				257A1CB3D7653911EF93F8F5 /* RepoAssociation.swift */,
				B0F76E0BE2C08C77C58B1278 /* SidebarID.swift */,
				6B4B95F852C737F18989F8FA /* WorkspaceColor.swift */,
				3B2687F4D886D153C83D8A60 /* WorkspaceGroup.swift */,
			);
			path = Models;
			sourceTree = "<group>";
		};
		3C80F4E7F9BFB46382583CF8 /* Settings */ = {
			isa = PBXGroup;
			children = (
				439174A029FAFE2C252A1B8B /* KeybindingsSettingsView.swift */,
				8322D3C28268495A01EA0597 /* SettingsFeature.swift */,
				523DE37561222E411737C3F8 /* SettingsView.swift */,
			);
			path = Settings;
			sourceTree = "<group>";
		};
		47374755237A71FC9547ADD5 /* NexTests */ = {
			isa = PBXGroup;
			children = (
				A2554566AF4F790EB30637E3 /* AgentLifecycleTests.swift */,
				D6B83DC43AEA38B4929307FA /* AppReducerTests.swift */,
				ADBC4A3F4B30336A12D32DF4 /* AutoDetectRepoTests.swift */,
				89FC5F004277851CEA0CFF3F /* CommandPaletteTests.swift */,
				309F641591BB580429299666 /* ConfigParserTests.swift */,
				21064C4AB47888B6A02CCD73 /* DatabaseMigrationTests.swift */,
				396BAB6F7BCAE4EEF2ADEFAF /* DiffHTMLRendererTests.swift */,
				77FDA3FB200AA7846BCDC7A7 /* EditorServiceTests.swift */,
				86B88C15DF87E94A115F9FD7 /* GitHeadWatcherTests.swift */,
				191E820170ADF2ADB58B8079 /* GitServiceTests.swift */,
				B822ABF12B071E574E089BB4 /* GroupIconTests.swift */,
				EA085FC1EE7D90E88FEF33CB /* HelpDataTests.swift */,
				5F60DBD29A7E964E6F18A28F /* KeyBindingTests.swift */,
				4CCB57D9C4E2AC2014127FC8 /* MarkdownCheckboxRenderingTests.swift */,
				C6F6CF4BFA799814ED65B03B /* MarkdownCommentTests.swift */,
				200EB2588E40ABB7C51E24E6 /* MarkdownHTMLRendererTests.swift */,
				A26E85E8AA0A7FD09690E181 /* MarkdownSourceMutationTests.swift */,
				8344DA5EFC15BF047C2003A4 /* PaneCaptureReplyTests.swift */,
				F5CE8D708EEECA4A82BE0AC1 /* PaneCloseReplyTests.swift */,
				A11F5427AE75515696FB8295 /* PaneLayoutTests.swift */,
				F9F22E5DD60C8A8D83A0B4F8 /* PaneListTests.swift */,
				452A1B196F8438AD7A7DAC0A /* PaneSendKeyReplyTests.swift */,
				C4D5453E5B7EB4E8E7F11453 /* PaneSendReplyTests.swift */,
				CAA7FF54B539D06E39903C41 /* PaneShortcutMonitorTests.swift */,
				4DA17E3004A004E6B4DDDBF6 /* PersistenceTests.swift */,
				6CD202733564AC92AEC00A0C /* QuitConfirmationTests.swift */,
				1C625959E287CE9896D5BA4D /* RepoRegistryTests.swift */,
				ADD43112159981D690331BA5 /* SettingsFeatureTests.swift */,
				AC84F1EBC8A83D60127093E9 /* SocketParsingTests.swift */,
				1F2EE712AF1A36900D281E8B /* SurfaceViewKeyboardTests.swift */,
				94D09D767C96B3F96E4DF7C5 /* WindowSpacesBindingTests.swift */,
				28D977DB42ACD0B176225711 /* WorkspaceColorSelectionTests.swift */,
				E01C66D4D59D04F6372D8AD7 /* WorkspaceDropTargetTests.swift */,
				EA19A5A6562DDB77C0AE44B6 /* WorkspaceFeatureTests.swift */,
				FF88062F290789D98B545AC6 /* WorkspaceGroupCRUDTests.swift */,
				933D5B5E664E30B2E88EE3C7 /* WorkspaceGroupPersistenceTests.swift */,
				2445F37BD230A19B4FA07CDC /* WorkspaceGroupRenderTests.swift */,
				E9F7D5571F89D43BC6C76928 /* WorkspaceGroupSocketTests.swift */,
				11CBC99B6D8094F73CDFBD80 /* WorktreeOperationTests.swift */,
			);
			path = NexTests;
			sourceTree = "<group>";
		};
		477C757108CEE52846121B1E /* Commands */ = {
			isa = PBXGroup;
			children = (
				F173122691292BD9062F356E /* CheckForUpdatesView.swift */,
				BEA20CEA0FEF28F3972BCE7D /* NexCommands.swift */,
			);
			path = Commands;
			sourceTree = "<group>";
		};
		4FF05F1CABA6C0F391FCBFCF /* Ghostty */ = {
			isa = PBXGroup;
			children = (
				DC371B0DE7B02828E9EDFE8E /* ClipboardImageHelper.swift */,
				000C46C62FB60503295A92E8 /* GhosttyApp.swift */,
				96AD7A8D7E6592B90FBB7D24 /* GhosttyConfig.swift */,
				A47FF7FB9A9C29221EAD089E /* GhosttyConfigClient.swift */,
				DDD03468B083223FF50F68E0 /* GhosttySurface.swift */,
				935FE280F97CB5A1DBD31113 /* NexGhosttyDefaults.swift */,
				94CA6C20BB3882E02348ADF4 /* SurfaceView.swift */,
			);
			path = Ghostty;
			sourceTree = "<group>";
		};
		517D1FAA0B3B717E85EFDA2D /* Nex */ = {
			isa = PBXGroup;
			children = (
				76D5AF8FEB520FE55ADB0C59 /* AppDelegate.swift */,
				D9335AE3C92A37DD50A5715A /* AppReducer.swift */,
				B6CC74E2D5AA179FFCE3B825 /* Assets.xcassets */,
				1A198A2F5EA992907A3031ED /* ContentView.swift */,
				BECB2222837AC350E94222BB /* Info.plist */,
				F1A8D5B3446F6056F443CDB8 /* Nex.entitlements */,
				3714AA1F15C85762BF36B1FE /* NexApp.swift */,
				B504C980131A9A777767EEB1 /* QuitGate.swift */,
				477C757108CEE52846121B1E /* Commands */,
				5F485357D29F2C092501D735 /* Features */,
				4FF05F1CABA6C0F391FCBFCF /* Ghostty */,
				37906607D9F29897C19CCC22 /* Models */,
				6B9A3E1F3B72D1A26F249A1C /* Services */,
			);
			path = Nex;
			sourceTree = "<group>";
		};
		575CB385F691D30D4A449F9C /* PaneGrid */ = {
			isa = PBXGroup;
			children = (
				5AC82B39AC5EEEC6A787B4D4 /* FocusNotifyingTextView.swift */,
				6FD9BCE4ABC267C7E34EAF09 /* PaneFocusView.swift */,
				005B56542A2F5FD5D3BC588C /* PaneGridView.swift */,
				BB94DA665D3B322A44251454 /* PaneHeaderView.swift */,
				DAE917FD003D3FFD196DBF77 /* PaneSearchOverlay.swift */,
				191592BF0EBCEC22DF9F5745 /* RenamePaneSheet.swift */,
				2F6F950849E47A0BCC6DEAB5 /* ResizeDimensionsOverlay.swift */,
				7DED98594372C8E34542A5C2 /* SplitDividerView.swift */,
				018EF0FBACD529C982B7811D /* SurfaceContainerView.swift */,
			);
			path = PaneGrid;
			sourceTree = "<group>";
		};
		5F485357D29F2C092501D735 /* Features */ = {
			isa = PBXGroup;
			children = (
				61D6AE6635332105A3C18A03 /* VibrancyView.swift */,
				F09BE06FAA330721302E5EE2 /* CommandPalette */,
				88A51E308F0A25C93CF584F1 /* DiffPane */,
				DF5C0A1272DF055BCEA24B8E /* Help */,
				B83E9D548B12F0748394A98C /* MarkdownPane */,
				575CB385F691D30D4A449F9C /* PaneGrid */,
				09ECBBE13D93F1F5CFC8849D /* RepoRegistry */,
				0E3C930E9EEBE1D0094A6538 /* ScratchpadPane */,
				3C80F4E7F9BFB46382583CF8 /* Settings */,
				C07DAE9A20D318288C360D1B /* StatusBar */,
				7D8D8A8C5E2891A6686932C2 /* Workspace */,
			);
			path = Features;
			sourceTree = "<group>";
		};
		6B9A3E1F3B72D1A26F249A1C /* Services */ = {
			isa = PBXGroup;
			children = (
				D7D46DA7C3A37F67FBBBEAC7 /* AppActivation.swift */,
				D9EC869803E36C99B3653FF5 /* CLIInstallService.swift */,
				CF4114D723403D4FF8F4AC1B /* ConfigParser.swift */,
				3879BA745F8737CA5872F80D /* DatabaseService.swift */,
				D0CED7EFE254E4491327CAE0 /* EditorService.swift */,
				281BB8BFA202B0E43FC1E2AE /* GitHeadWatcher.swift */,
				0153509BA13BB205C40DE2D5 /* GitService.swift */,
				8340B6640D25908803B93C2A /* GlobalHotkeyService.swift */,
				93D45D65A66C475B0CEEC53C /* KeybindingService.swift */,
				CFE42A23C94DA8DA930C61E3 /* NotificationService.swift */,
				CBEA23E4C37CB5B7A6F4963C /* PersistenceService.swift */,
				309D0F6F13F12FDC350DE875 /* SocketServer.swift */,
				42A24C1FEC6EA31096603326 /* SurfaceManager.swift */,
				C711FF0D53387D16F50C5EA6 /* UpdaterService.swift */,
				8C693AF419763177AE1CEA0F /* UserDefaultsClient.swift */,
				E99FA58E4E44ADAD17A788E2 /* WindowSpacesBinding.swift */,
			);
			path = Services;
			sourceTree = "<group>";
		};
		7D8D8A8C5E2891A6686932C2 /* Workspace */ = {
			isa = PBXGroup;
			children = (
				CD30BE0FDF3CC57813A5DB46 /* GroupCustomEmojiSheet.swift */,
				6BB83805BDFAC2F7DB8FF064 /* GroupHeaderRow.swift */,
				EE3E3CD750CB1CDEC2F35ED1 /* NewGroupSheet.swift */,
				4F0D3AB3067CDBF5A490F532 /* NewWorkspaceSheet.swift */,
				67E67BC5275DEF2EED8D21D2 /* RenameWorkspaceSheet.swift */,
				0C975C89EC3EAA135F52A7AD /* WorkspaceDropTarget.swift */,
				1BA6AA9E98405375983902BD /* WorkspaceFeature.swift */,
				57C59BDCBA03302FC7FDE16B /* WorkspaceInspectorView.swift */,
				684EF74D8EC3F295B22944AB /* WorkspaceLabelViews.swift */,
				F7F9C43CA9B19E7281082913 /* WorkspaceListView.swift */,
				C58BE92A0878D9CCC786A657 /* WorkspaceRowView.swift */,
			);
			path = Workspace;
			sourceTree = "<group>";
		};
		88A51E308F0A25C93CF584F1 /* DiffPane */ = {
			isa = PBXGroup;
			children = (
				92E85EE83A315989753EADF1 /* DiffHTMLRenderer.swift */,
				1CB2BCC7EBF45A4E50F314F2 /* DiffPaneView.swift */,
			);
			path = DiffPane;
			sourceTree = "<group>";
		};
		A05FDE83E479F0CC46756554 /* Frameworks */ = {
			isa = PBXGroup;
			children = (
				F228193206574DB257C8B3FB /* AppKit.framework */,
				7F561A2375008B0EC39BF86D /* Carbon.framework */,
				1F71D541343DA67CDCADA821 /* CoreText.framework */,
				DB65E3CCBB3A287C413A6015 /* Foundation.framework */,
				F9DA0C4B28F4E3DAF4CF1EB0 /* IOKit.framework */,
				281D0362CA8542610B8329F6 /* Metal.framework */,
				DE56BB11F5C7C34821411297 /* QuartzCore.framework */,
				E08D39F8F87D7505CD32D25D /* WebKit.framework */,
			);
			name = Frameworks;
			sourceTree = "<group>";
		};
		A08F07BEBBB932F6F6C05FAF /* Products */ = {
			isa = PBXGroup;
			children = (
				E5859C5B2E1850D1262AFE4B /* Nex.app */,
				75DCD589969583F84BFCE38B /* NexTests.xctest */,
			);
			name = Products;
			sourceTree = "<group>";
		};
		B83E9D548B12F0748394A98C /* MarkdownPane */ = {
			isa = PBXGroup;
			children = (
				852AC6AE9B24B4528577F454 /* LineNumberRulerView.swift */,
				3A97DD6CB556B1297D9A7BB2 /* MarkdownComment.swift */,
				7ED3289901F70616FC36F80B /* MarkdownEditorView.swift */,
				37DDBBE36E6F9BC00B9EB07E /* MarkdownFindController.swift */,
				3B4FA41668CB28EB0FFA7911 /* MarkdownFindScript.swift */,
				F43F769C33118440222BF5FA /* MarkdownFrontMatter.swift */,
				1E7D450881FC7318F58CB78F /* MarkdownHTMLRenderer.swift */,
				B02A888F436610636F5A4D55 /* MarkdownPaneView.swift */,
				8DC40231D9801677DA84F0B5 /* MarkdownRenderPipeline.swift */,
				D58425647E390FBA258A6113 /* MarkdownReviewScript.swift */,
				2D59700C2C2A4AC65E5F528A /* MarkdownSourceMap.swift */,
				062F5293BD0B8D53EFFCFE75 /* MarkdownSourceMutations.swift */,
			);
			path = MarkdownPane;
			sourceTree = "<group>";
		};
		C07DAE9A20D318288C360D1B /* StatusBar */ = {
			isa = PBXGroup;
			children = (
				09102B6ADEAB463454E7F15E /* StatusBarController.swift */,
				110D5179A9834B4AB19B705B /* StatusBarPopoverView.swift */,
			);
			path = StatusBar;
			sourceTree = "<group>";
		};
		DF5C0A1272DF055BCEA24B8E /* Help */ = {
			isa = PBXGroup;
			children = (
				84D4EC6AC4CDFB5377057239 /* HelpView.swift */,
			);
			path = Help;
			sourceTree = "<group>";
		};
		F09BE06FAA330721302E5EE2 /* CommandPalette */ = {
			isa = PBXGroup;
			children = (
				1870562A61E6F66FFE03A8BA /* CommandPaletteItem.swift */,
				D70E36C00A55A87562F4AC1D /* CommandPaletteView.swift */,
			);
			path = CommandPalette;
			sourceTree = "<group>";
		};
/* End PBXGroup section */

/* Begin PBXNativeTarget section */
		C794D3598EDB9E78F540D111 /* NexTests */ = {
			isa = PBXNativeTarget;
			buildConfigurationList = A21210B422176F86C1E742A2 /* Build configuration list for PBXNativeTarget "NexTests" */;
			buildPhases = (
				0E4B7D5DF844DA7A1EB87575 /* Sources */,
			);
			buildRules = (
			);
			dependencies = (
				0C4A4E6D7995EA691081762A /* PBXTargetDependency */,
			);
			name = NexTests;
			packageProductDependencies = (
			);
			productName = NexTests;
			productReference = 75DCD589969583F84BFCE38B /* NexTests.xctest */;
			productType = "com.apple.product-type.bundle.unit-test";
		};
		F8512F76564374F4F46B6E25 /* Nex */ = {
			isa = PBXNativeTarget;
			buildConfigurationList = 26621FC95927D8B985FBEDC2 /* Build configuration list for PBXNativeTarget "Nex" */;
			buildPhases = (
				3705E235ADEEAED46F84090D /* Sources */,
				3E76F9CB9E967B5724C9973E /* Bundle nex CLI and install script */,
				B05CD1EB95FE4459301F2289 /* Resources */,
				6E91527DFFE7D937CC95545F /* Frameworks */,
			);
			buildRules = (
			);
			dependencies = (
			);
			name = Nex;
			packageProductDependencies = (
				8B14B7BF7BD4FCD61EBB97A9 /* ComposableArchitecture */,
				3A812A87D56E4976C8BF532E /* GRDB */,
				EFC4D8E9A152683486EC7F29 /* Sparkle */,
				A7AC116A099F0911E230E51F /* Markdown */,
				98CF017F4F26916F63300A33 /* Yams */,
			);
			productName = Nex;
			productReference = E5859C5B2E1850D1262AFE4B /* Nex.app */;
			productType = "com.apple.product-type.application";
		};
/* End PBXNativeTarget section */

/* Begin PBXProject section */
		0AE995B063DE16861B083ABB /* Project object */ = {
			isa = PBXProject;
			attributes = {
				BuildIndependentTargetsInParallel = YES;
				LastUpgradeCheck = 1600;
				TargetAttributes = {
					C794D3598EDB9E78F540D111 = {
						DevelopmentTeam = 4ASXCG2599;
					};
					F8512F76564374F4F46B6E25 = {
						DevelopmentTeam = 4ASXCG2599;
					};
				};
			};
			buildConfigurationList = 8A5A3AC3BD86FE0A3BB6386B /* Build configuration list for PBXProject "Nex" */;
			developmentRegion = en;
			hasScannedForEncodings = 0;
			knownRegions = (
				Base,
				en,
			);
			mainGroup = 0DBD8165FC96993F1530E91E;
			minimizedProjectReferenceProxies = 1;
			packageReferences = (
				6E173FC7EE2E93830E33275D /* XCRemoteSwiftPackageReference "swift-composable-architecture" */,
				74E1DDA9D84597B0F162BA1C /* XCRemoteSwiftPackageReference "GRDB.swift" */,
				A90C5D38F552F217B7D089E9 /* XCRemoteSwiftPackageReference "Sparkle" */,
				BDC72AE7CC087295CCC0D1B0 /* XCRemoteSwiftPackageReference "Yams" */,
				9F09C051CE1194C74915BD2E /* XCRemoteSwiftPackageReference "swift-markdown" */,
			);
			preferredProjectObjectVersion = 77;
			productRefGroup = A08F07BEBBB932F6F6C05FAF /* Products */;
			projectDirPath = "";
			projectRoot = "";
			targets = (
				F8512F76564374F4F46B6E25 /* Nex */,
				C794D3598EDB9E78F540D111 /* NexTests */,
			);
		};
/* End PBXProject section */

/* Begin PBXResourcesBuildPhase section */
		B05CD1EB95FE4459301F2289 /* Resources */ = {
			isa = PBXResourcesBuildPhase;
			buildActionMask = 2147483647;
			files = (
				435EB1E003D333911AF3BEB9 /* Assets.xcassets in Resources */,
			);
			runOnlyForDeploymentPostprocessing = 0;
		};
/* End PBXResourcesBuildPhase section */

/* Begin PBXShellScriptBuildPhase section */
		3E76F9CB9E967B5724C9973E /* Bundle nex CLI and install script */ = {
			isa = PBXShellScriptBuildPhase;
			alwaysOutOfDate = 1;
			buildActionMask = 2147483647;
			files = (
			);
			inputFileListPaths = (
			);
			inputPaths = (
			);
			name = "Bundle nex CLI and install script";
			outputFileListPaths = (
			);
			outputPaths = (
			);
			runOnlyForDeploymentPostprocessing = 0;
			shellPath = /bin/sh;
			shellScript = "mkdir -p \"${BUILT_PRODUCTS_DIR}/${PRODUCT_NAME}.app/Contents/Helpers\"\nswiftc -O -target arm64-apple-macos14.0 -o \"${BUILT_PRODUCTS_DIR}/${PRODUCT_NAME}.app/Contents/Helpers/nex\" \"${SRCROOT}/Tools/nex-cli/nex.swift\"\ncodesign --force --sign \"Developer ID Application: BENJAMIN RYAN FRIEBE (4ASXCG2599)\" --timestamp \"${BUILT_PRODUCTS_DIR}/${PRODUCT_NAME}.app/Contents/Helpers/nex\"\nmkdir -p \"${BUILT_PRODUCTS_DIR}/${PRODUCT_NAME}.app/Contents/Resources/scripts\"\ncp \"${SRCROOT}/scripts/install-hooks.sh\" \"${BUILT_PRODUCTS_DIR}/${PRODUCT_NAME}.app/Contents/Resources/scripts/install-hooks.sh\"\ncp \"${SRCROOT}/scripts/merge_hooks.py\" \"${BUILT_PRODUCTS_DIR}/${PRODUCT_NAME}.app/Contents/Resources/scripts/merge_hooks.py\"\nchmod +x \"${BUILT_PRODUCTS_DIR}/${PRODUCT_NAME}.app/Contents/Resources/scripts/install-hooks.sh\"\ncodesign --force --sign \"Developer ID Application: BENJAMIN RYAN FRIEBE (4ASXCG2599)\" --timestamp \"${BUILT_PRODUCTS_DIR}/${PRODUCT_NAME}.app/Contents/Resources/scripts/install-hooks.sh\"\nmkdir -p \"${BUILT_PRODUCTS_DIR}/${PRODUCT_NAME}.app/Contents/Resources/skills/nex-agentic\"\ncp \"${SRCROOT}/Resources/skills/nex-agentic/SKILL.md\" \"${BUILT_PRODUCTS_DIR}/${PRODUCT_NAME}.app/Contents/Resources/skills/nex-agentic/SKILL.md\"\n# Bundle ghostty shell-integration and terminfo so libghostty can\n# auto-detect resources and enable shell integration (OSC 7 pwd\n# reporting, prompt marking, etc.)\nGHOSTTY_SHARE=\"${SRCROOT}/ghostty/zig-out/share\"\nRESOURCES=\"${BUILT_PRODUCTS_DIR}/${PRODUCT_NAME}.app/Contents/Resources\"\nif [ -d \"${GHOSTTY_SHARE}/ghostty/shell-integration\" ]; then\n  rm -rf \"${RESOURCES}/ghostty/shell-integration\" \"${RESOURCES}/terminfo\"\n  mkdir -p \"${RESOURCES}/ghostty\"\n  cp -R \"${GHOSTTY_SHARE}/ghostty/shell-integration\" \"${RESOURCES}/ghostty/shell-integration\"\n  if [ -d \"${GHOSTTY_SHARE}/terminfo\" ]; then\n    cp -R \"${GHOSTTY_SHARE}/terminfo\" \"${RESOURCES}/terminfo\"\n  fi\nfi\n# Bundle popular themes so ghostty's theme = <name> config key works\nTHEMES_SRC=\"${GHOSTTY_SHARE}/ghostty/themes\"\nTHEMES_DST=\"${RESOURCES}/ghostty/themes\"\nif [ -d \"${THEMES_SRC}\" ]; then\n  mkdir -p \"${THEMES_DST}\"\n  for THEME in \"Dracula\" \"Catppuccin Mocha\" \"Catppuccin Latte\" \\\n               \"Catppuccin Macchiato\" \"Catppuccin Frappe\" \"Nord\" \\\n               \"Gruvbox Dark\" \"Gruvbox Light\" \\\n               \"iTerm2 Solarized Dark\" \"iTerm2 Solarized Light\"; do\n    cp \"${THEMES_SRC}/${THEME}\" \"${THEMES_DST}/${THEME}\"\n  done\nfi\n";
		};
/* End PBXShellScriptBuildPhase section */

/* Begin PBXSourcesBuildPhase section */
		0E4B7D5DF844DA7A1EB87575 /* Sources */ = {
			isa = PBXSourcesBuildPhase;
			buildActionMask = 2147483647;
			files = (
				840B487024194CA181EE42F8 /* AgentLifecycleTests.swift in Sources */,
				B5EDCEE4998F1F0B6F844814 /* AppReducerTests.swift in Sources */,
				DC11308E0E92225F551CF162 /* AutoDetectRepoTests.swift in Sources */,
				FD494AFC9E74F4C5D7E125B8 /* CommandPaletteTests.swift in Sources */,
				A1937931A23F2D0EB8472737 /* ConfigParserTests.swift in Sources */,
				B652FDDE5CE91C5CA1DAC8E2 /* DatabaseMigrationTests.swift in Sources */,
				149E80DD671127055EF67F7F /* DiffHTMLRendererTests.swift in Sources */,
				F9EF0D090461E0518C6EB23F /* EditorServiceTests.swift in Sources */,
				76FC0D784C9823F0B870C6C5 /* GitHeadWatcherTests.swift in Sources */,
				62564D224FD57BC3C02100EA /* GitServiceTests.swift in Sources */,
				0EC37EE951CB883BC4DD5E9E /* GroupIconTests.swift in Sources */,
				EDD3C2388FB932FCF46F3444 /* HelpDataTests.swift in Sources */,
				B701F36FA68D43170D591F40 /* KeyBindingTests.swift in Sources */,
				0D23E37D86270E1BAADFF549 /* MarkdownCheckboxRenderingTests.swift in Sources */,
				83EE65FFBA365E0A3A3B2C37 /* MarkdownCommentTests.swift in Sources */,
				EA22F9720B68648A78D237E3 /* MarkdownHTMLRendererTests.swift in Sources */,
				DBEEA3FF733D28D8C0E0B209 /* MarkdownSourceMutationTests.swift in Sources */,
				7CFCDB77693B32481C402E8E /* PaneCaptureReplyTests.swift in Sources */,
				3EB758164265D71D08B0156C /* PaneCloseReplyTests.swift in Sources */,
				4D7F4ECDA338E826904B584E /* PaneLayoutTests.swift in Sources */,
				0D7D8E5C230B6C98E7693D66 /* PaneListTests.swift in Sources */,
				A094A49881297881F9791F0A /* PaneSendKeyReplyTests.swift in Sources */,
				0A70A24697C96E83D6A201CE /* PaneSendReplyTests.swift in Sources */,
				F6B537768D81B028C1B484B2 /* PaneShortcutMonitorTests.swift in Sources */,
				B3FBC9276113E015DA08D41A /* PersistenceTests.swift in Sources */,
				5CFC8C5F96B371044A5ABE91 /* QuitConfirmationTests.swift in Sources */,
				B5B3A5F0C2FA6509D37FA74A /* RepoRegistryTests.swift in Sources */,
				EAF43DC55C5612F3AE83BF02 /* SettingsFeatureTests.swift in Sources */,
				2B4533964D77117EE6D98690 /* SocketParsingTests.swift in Sources */,
				EF4258CFC52EB748609C7F18 /* SurfaceViewKeyboardTests.swift in Sources */,
				DDD05A3B3A535DEA66485A47 /* WindowSpacesBindingTests.swift in Sources */,
				5C4AA6204D49398B2E63A18B /* WorkspaceColorSelectionTests.swift in Sources */,
				F01CDB667AE2A0CF2A825AD3 /* WorkspaceDropTargetTests.swift in Sources */,
				DE4BB209669A230B465E2722 /* WorkspaceFeatureTests.swift in Sources */,
				7C49755ABEC49B51EC1333FB /* WorkspaceGroupCRUDTests.swift in Sources */,
				F4E3D6023E3546EC2908C4D6 /* WorkspaceGroupPersistenceTests.swift in Sources */,
				0CB9F718A5EF25AF73DED570 /* WorkspaceGroupRenderTests.swift in Sources */,
				AF0F22742F34298F1E06A238 /* WorkspaceGroupSocketTests.swift in Sources */,
				1E6354C9BBDF122BF0FB255F /* WorktreeOperationTests.swift in Sources */,
			);
			runOnlyForDeploymentPostprocessing = 0;
		};
		3705E235ADEEAED46F84090D /* Sources */ = {
			isa = PBXSourcesBuildPhase;
			buildActionMask = 2147483647;
			files = (
				759B67A4E8D35868EC6E2295 /* AppActivation.swift in Sources */,
				1397C2AF47888F6A056F5970 /* AppDelegate.swift in Sources */,
				EC6971D2E311C8903C373778 /* AppReducer.swift in Sources */,
				EFDCA64CD227A833D2801893 /* CLIInstallService.swift in Sources */,
				B23A46CD372F9E16C2C1D716 /* CheckForUpdatesView.swift in Sources */,
				B221D950378165611A0DF932 /* ClipboardImageHelper.swift in Sources */,
				3C74513CA9D5FD60E672B477 /* CommandPaletteItem.swift in Sources */,
				741144CE5AC7DEC20A18A89D /* CommandPaletteView.swift in Sources */,
				2D8754E0B3E9AD185D7EB6B0 /* ConfigParser.swift in Sources */,
				2061570DEABB0E43847DBB5D /* ContentView.swift in Sources */,
				5109ADD55C00BC02B15EDE81 /* DatabaseService.swift in Sources */,
				77FB1142F26F5C33539E3F23 /* DiffHTMLRenderer.swift in Sources */,
				7B54AB73465C0926D5259580 /* DiffPaneView.swift in Sources */,
				A3B349AFCABD43FDC2F97A2A /* EditorService.swift in Sources */,
				9D8356F03AF69469528218D5 /* FocusNotifyingTextView.swift in Sources */,
				2BD04AF1F25BBC3516E5F706 /* GhosttyApp.swift in Sources */,
				ECA2C078504EB9BF0E04B343 /* GhosttyConfig.swift in Sources */,
				C0DDF7284D01523225E5EEE7 /* GhosttyConfigClient.swift in Sources */,
				7C78EA65C2D22749546715A0 /* GhosttySurface.swift in Sources */,
				62BC1CC522515C8E6A99F508 /* GitHeadWatcher.swift in Sources */,
				DBBD0CD88C3B7EF588D5CB04 /* GitService.swift in Sources */,
				E19F4E0C87CB85D959F0C8F2 /* GitStatus.swift in Sources */,
				0A339E290783C7347081E4FC /* GlobalHotkeyService.swift in Sources */,
				0A3E7A2B0CB52F2FE791A2B5 /* GroupCustomEmojiSheet.swift in Sources */,
				B2498EB9F42EA84196516DAE /* GroupHeaderRow.swift in Sources */,
				E02D1D3DE36CC8F66B5072AB /* GroupIcon.swift in Sources */,
				089AA30B37857F3539BF81C3 /* HelpView.swift in Sources */,
				F1139F84E35AF1181F136C9D /* KeyBinding.swift in Sources */,
				E0ABD2D68012C6BF24A92E7D /* KeybindingService.swift in Sources */,
				6CF210BA0C7BFE62B90844F7 /* KeybindingsSettingsView.swift in Sources */,
				6C50041FBB0F31598067D4FA /* LineNumberRulerView.swift in Sources */,
				EB3194046250F0131A172727 /* MarkdownComment.swift in Sources */,
				291A22061671351813971551 /* MarkdownEditorView.swift in Sources */,
				F4F95104BEADCDD6F5C79CF2 /* MarkdownFindController.swift in Sources */,
				692A08796F7DF555CFAF0653 /* MarkdownFindScript.swift in Sources */,
				696312BB96D35569F48B7CAE /* MarkdownFrontMatter.swift in Sources */,
				AC234A5AAADE90A7EC7BB5F8 /* MarkdownHTMLRenderer.swift in Sources */,
				E56B0EC49D7AC553B5CDC2CC /* MarkdownPaneView.swift in Sources */,
				82DAEDFBD71241913E7F71BC /* MarkdownRenderPipeline.swift in Sources */,
				AAE5749728316CB9CDDDB893 /* MarkdownReviewScript.swift in Sources */,
				27A06A15229587BD4CAB73CF /* MarkdownSourceMap.swift in Sources */,
				6A5EFD4446B61862176EE5A1 /* MarkdownSourceMutations.swift in Sources */,
				F232D23668E3159B6EA5FC37 /* NewGroupSheet.swift in Sources */,
				4985E51407DE646EB856C28A /* NewWorkspaceSheet.swift in Sources */,
				C276E6F9F7B46ED43FF491D5 /* NexApp.swift in Sources */,
				8132EF9FB6ACF51F7AEB57CE /* NexCommands.swift in Sources */,
				58D251ED7E3B564C9BA3AD91 /* NexGhosttyDefaults.swift in Sources */,
				F408865A1C0FC2282DD6F271 /* NexTheme.swift in Sources */,
				A0056823B88DEBC5006159A2 /* NotificationService.swift in Sources */,
				27D6386295651D4FE9A3DF6B /* Pane.swift in Sources */,
				DA4AC555E9C3FC84061F2FB9 /* PaneFocusView.swift in Sources */,
				0053A91856EF3EB22FEB03B7 /* PaneGridView.swift in Sources */,
				8E99D6024CA5451216D39602 /* PaneHeaderView.swift in Sources */,
				8BACC3111C7193B1AC30B40B /* PaneLayout.swift in Sources */,
				5883FFD10BE73F44EA8F4A5C /* PaneSearchOverlay.swift in Sources */,
				1569F35B72EC7C133643190E /* PaneType.swift in Sources */,
				FF162EE0EAF672FFFCFDF0BE /* PersistenceService.swift in Sources */,
				FF3255F9A9213474DC14A2A0 /* QuitGate.swift in Sources */,
				C052FE23BF089795BB04E10E /* RenamePaneSheet.swift in Sources */,
				0EAFF0FDB683293F95D8AB47 /* RenameWorkspaceSheet.swift in Sources */,
				550563B9BEDE841D3B7CE6B8 /* Repo.swift in Sources */,
				6ACFF31A3875EBE87E78C587 /* RepoAssociation.swift in Sources */,
				3DF88C2A2966C7B0209E22FE /* RepoPickerView.swift in Sources */,
				40D01E98BD9BE2397CFC1080 /* RepoRegistryView.swift in Sources */,
				ED79F70009D8C2A4A1A742F8 /* ResizeDimensionsOverlay.swift in Sources */,
				FB45777E3BD181F04B322F93 /* ScratchpadEditorView.swift in Sources */,
				29C636F17D2FEF2D5E0BE55D /* SettingsFeature.swift in Sources */,
				E31F1B84CF270603EF2B93E0 /* SettingsView.swift in Sources */,
				F8173E6D656996539D3DFD5B /* SidebarID.swift in Sources */,
				7D1EEEBEE302F17F8CA2852D /* SocketServer.swift in Sources */,
				77CF808E3AF2C06BD12D11C0 /* SplitDividerView.swift in Sources */,
				066D1D15DCA5E39EC770E77C /* StatusBarController.swift in Sources */,
				CCBCDD690DA8A082B0C3D1EF /* StatusBarPopoverView.swift in Sources */,
				8F5D3C9118D51569A13CB473 /* SurfaceContainerView.swift in Sources */,
				64D34691D60DD597D0882047 /* SurfaceManager.swift in Sources */,
				75BECE7D63EF981C344D4902 /* SurfaceView.swift in Sources */,
				B8DCB316773E208FABEDA9D7 /* UpdaterService.swift in Sources */,
				A8F1A82072120476BAEC2D52 /* UserDefaultsClient.swift in Sources */,
				B167B81282ADF716B21B1679 /* VibrancyView.swift in Sources */,
				EDF35E86B633BB1E8C3DE844 /* WindowSpacesBinding.swift in Sources */,
				4AF9CB9A4E7CE871FBE1A6F2 /* WorkspaceColor.swift in Sources */,
				B4846A1AC5C67E51AFA9C846 /* WorkspaceDropTarget.swift in Sources */,
				E62618BAC6927017CC4ECC44 /* WorkspaceFeature.swift in Sources */,
				A33EF4059D3F3479ED5C9EE2 /* WorkspaceGroup.swift in Sources */,
				E89E89193A52010164900B00 /* WorkspaceInspectorView.swift in Sources */,
				13CFD579791838D9D23C9613 /* WorkspaceLabelViews.swift in Sources */,
				3B60C0FC48A2AAF6282CAB40 /* WorkspaceListView.swift in Sources */,
				8043643CBDD85AF3315BBFE2 /* WorkspaceRowView.swift in Sources */,
			);
			runOnlyForDeploymentPostprocessing = 0;
		};
/* End PBXSourcesBuildPhase section */

/* Begin PBXTargetDependency section */
		0C4A4E6D7995EA691081762A /* PBXTargetDependency */ = {
			isa = PBXTargetDependency;
			target = F8512F76564374F4F46B6E25 /* Nex */;
			targetProxy = D12CD9892C6530CB5C626FE5 /* PBXContainerItemProxy */;
		};
/* End PBXTargetDependency section */

/* Begin XCBuildConfiguration section */
		501273DEC1076337CF4A57BD /* Debug */ = {
			isa = XCBuildConfiguration;
			buildSettings = {
				ASSETCATALOG_COMPILER_APPICON_NAME = AppIcon;
				CODE_SIGN_ENTITLEMENTS = Nex/Nex.entitlements;
				COMBINE_HIDPI_IMAGES = YES;
				GENERATE_INFOPLIST_FILE = NO;
				HEADER_SEARCH_PATHS = (
					"$(SRCROOT)/ghostty/include",
				);
				INFOPLIST_FILE = Nex/Info.plist;
				LD_RUNPATH_SEARCH_PATHS = (
					"$(inherited)",
					"@executable_path/../Frameworks",
				);
				OTHER_CFLAGS = (
					"-Wno-incomplete-umbrella",
				);
				OTHER_LDFLAGS = (
					"-lc++",
					"-lz",
					"-L$(SRCROOT)/lib",
					"-lghostty",
				);
				OTHER_SWIFT_FLAGS = (
					"-Xcc",
					"-Wno-incomplete-umbrella",
				);
				PRODUCT_BUNDLE_IDENTIFIER = com.benfriebe.nex;
				PRODUCT_NAME = Nex;
				SDKROOT = macosx;
				SWIFT_OBJC_BRIDGING_HEADER = "Nex/Ghostty/Ghostty-Bridging-Header.h";
			};
			name = Debug;
		};
		58A152E4C172F1D61D02FB6C /* Debug */ = {
			isa = XCBuildConfiguration;
			buildSettings = {
				ALWAYS_SEARCH_USER_PATHS = NO;
				CLANG_ANALYZER_NONNULL = YES;
				CLANG_ANALYZER_NUMBER_OBJECT_CONVERSION = YES_AGGRESSIVE;
				CLANG_CXX_LANGUAGE_STANDARD = "gnu++14";
				CLANG_CXX_LIBRARY = "libc++";
				CLANG_ENABLE_MODULES = YES;
				CLANG_ENABLE_OBJC_ARC = YES;
				CLANG_ENABLE_OBJC_WEAK = YES;
				CLANG_WARN_BLOCK_CAPTURE_AUTORELEASING = YES;
				CLANG_WARN_BOOL_CONVERSION = YES;
				CLANG_WARN_COMMA = YES;
				CLANG_WARN_CONSTANT_CONVERSION = YES;
				CLANG_WARN_DEPRECATED_OBJC_IMPLEMENTATIONS = YES;
				CLANG_WARN_DIRECT_OBJC_ISA_USAGE = YES_ERROR;
				CLANG_WARN_DOCUMENTATION_COMMENTS = YES;
				CLANG_WARN_EMPTY_BODY = YES;
				CLANG_WARN_ENUM_CONVERSION = YES;
				CLANG_WARN_INFINITE_RECURSION = YES;
				CLANG_WARN_INT_CONVERSION = YES;
				CLANG_WARN_NON_LITERAL_NULL_CONVERSION = YES;
				CLANG_WARN_OBJC_IMPLICIT_RETAIN_SELF = YES;
				CLANG_WARN_OBJC_LITERAL_CONVERSION = YES;
				CLANG_WARN_OBJC_ROOT_CLASS = YES_ERROR;
				CLANG_WARN_QUOTED_INCLUDE_IN_FRAMEWORK_HEADER = YES;
				CLANG_WARN_RANGE_LOOP_ANALYSIS = YES;
				CLANG_WARN_STRICT_PROTOTYPES = YES;
				CLANG_WARN_SUSPICIOUS_MOVE = YES;
				CLANG_WARN_UNGUARDED_AVAILABILITY = YES_AGGRESSIVE;
				CLANG_WARN_UNREACHABLE_CODE = YES;
				CLANG_WARN__DUPLICATE_METHOD_MATCH = YES;
				CODE_SIGN_IDENTITY = "Apple Development";
				CODE_SIGN_STYLE = Automatic;
				COPY_PHASE_STRIP = NO;
				DEBUG_INFORMATION_FORMAT = dwarf;
				DEVELOPMENT_TEAM = 4ASXCG2599;
				ENABLE_HARDENED_RUNTIME = YES;
				ENABLE_STRICT_OBJC_MSGSEND = YES;
				ENABLE_TESTABILITY = YES;
				GCC_C_LANGUAGE_STANDARD = gnu11;
				GCC_DYNAMIC_NO_PIC = NO;
				GCC_NO_COMMON_BLOCKS = YES;
				GCC_OPTIMIZATION_LEVEL = 0;
				GCC_PREPROCESSOR_DEFINITIONS = (
					"$(inherited)",
					"DEBUG=1",
				);
				GCC_WARN_64_TO_32_BIT_CONVERSION = YES;
				GCC_WARN_ABOUT_RETURN_TYPE = YES_ERROR;
				GCC_WARN_UNDECLARED_SELECTOR = YES;
				GCC_WARN_UNINITIALIZED_AUTOS = YES_AGGRESSIVE;
				GCC_WARN_UNUSED_FUNCTION = YES;
				GCC_WARN_UNUSED_VARIABLE = YES;
				MACOSX_DEPLOYMENT_TARGET = 14.0;
				MTL_ENABLE_DEBUG_INFO = INCLUDE_SOURCE;
				MTL_FAST_MATH = YES;
				ONLY_ACTIVE_ARCH = YES;
				PRODUCT_NAME = "$(TARGET_NAME)";
				SDKROOT = macosx;
				SWIFT_ACTIVE_COMPILATION_CONDITIONS = DEBUG;
				SWIFT_OPTIMIZATION_LEVEL = "-Onone";
				SWIFT_VERSION = 6.0;
			};
			name = Debug;
		};
		6147816EA9DE8DEB11533970 /* Release */ = {
			isa = XCBuildConfiguration;
			buildSettings = {
				ALWAYS_SEARCH_USER_PATHS = NO;
				CLANG_ANALYZER_NONNULL = YES;
				CLANG_ANALYZER_NUMBER_OBJECT_CONVERSION = YES_AGGRESSIVE;
				CLANG_CXX_LANGUAGE_STANDARD = "gnu++14";
				CLANG_CXX_LIBRARY = "libc++";
				CLANG_ENABLE_MODULES = YES;
				CLANG_ENABLE_OBJC_ARC = YES;
				CLANG_ENABLE_OBJC_WEAK = YES;
				CLANG_WARN_BLOCK_CAPTURE_AUTORELEASING = YES;
				CLANG_WARN_BOOL_CONVERSION = YES;
				CLANG_WARN_COMMA = YES;
				CLANG_WARN_CONSTANT_CONVERSION = YES;
				CLANG_WARN_DEPRECATED_OBJC_IMPLEMENTATIONS = YES;
				CLANG_WARN_DIRECT_OBJC_ISA_USAGE = YES_ERROR;
				CLANG_WARN_DOCUMENTATION_COMMENTS = YES;
				CLANG_WARN_EMPTY_BODY = YES;
				CLANG_WARN_ENUM_CONVERSION = YES;
				CLANG_WARN_INFINITE_RECURSION = YES;
				CLANG_WARN_INT_CONVERSION = YES;
				CLANG_WARN_NON_LITERAL_NULL_CONVERSION = YES;
				CLANG_WARN_OBJC_IMPLICIT_RETAIN_SELF = YES;
				CLANG_WARN_OBJC_LITERAL_CONVERSION = YES;
				CLANG_WARN_OBJC_ROOT_CLASS = YES_ERROR;
				CLANG_WARN_QUOTED_INCLUDE_IN_FRAMEWORK_HEADER = YES;
				CLANG_WARN_RANGE_LOOP_ANALYSIS = YES;
				CLANG_WARN_STRICT_PROTOTYPES = YES;
				CLANG_WARN_SUSPICIOUS_MOVE = YES;
				CLANG_WARN_UNGUARDED_AVAILABILITY = YES_AGGRESSIVE;
				CLANG_WARN_UNREACHABLE_CODE = YES;
				CLANG_WARN__DUPLICATE_METHOD_MATCH = YES;
				CODE_SIGN_IDENTITY = "Developer ID Application";
				CODE_SIGN_STYLE = Manual;
				COPY_PHASE_STRIP = NO;
				DEBUG_INFORMATION_FORMAT = "dwarf-with-dsym";
				DEVELOPMENT_TEAM = 4ASXCG2599;
				ENABLE_HARDENED_RUNTIME = YES;
				ENABLE_NS_ASSERTIONS = NO;
				ENABLE_STRICT_OBJC_MSGSEND = YES;
				GCC_C_LANGUAGE_STANDARD = gnu11;
				GCC_NO_COMMON_BLOCKS = YES;
				GCC_WARN_64_TO_32_BIT_CONVERSION = YES;
				GCC_WARN_ABOUT_RETURN_TYPE = YES_ERROR;
				GCC_WARN_UNDECLARED_SELECTOR = YES;
				GCC_WARN_UNINITIALIZED_AUTOS = YES_AGGRESSIVE;
				GCC_WARN_UNUSED_FUNCTION = YES;
				GCC_WARN_UNUSED_VARIABLE = YES;
				MACOSX_DEPLOYMENT_TARGET = 14.0;
				MTL_ENABLE_DEBUG_INFO = NO;
				MTL_FAST_MATH = YES;
				PRODUCT_NAME = "$(TARGET_NAME)";
				SDKROOT = macosx;
				SWIFT_COMPILATION_MODE = wholemodule;
				SWIFT_OPTIMIZATION_LEVEL = "-O";
				SWIFT_VERSION = 6.0;
			};
			name = Release;
		};
		B3B48EBE82C2009CAD14D596 /* Debug */ = {
			isa = XCBuildConfiguration;
			buildSettings = {
				BUNDLE_LOADER = "$(TEST_HOST)";
				COMBINE_HIDPI_IMAGES = YES;
				GENERATE_INFOPLIST_FILE = YES;
				HEADER_SEARCH_PATHS = (
					"$(SRCROOT)/ghostty/include",
				);
				LD_RUNPATH_SEARCH_PATHS = (
					"$(inherited)",
					"@executable_path/../Frameworks",
					"@loader_path/../Frameworks",
				);
				OTHER_CFLAGS = (
					"-Wno-incomplete-umbrella",
				);
				OTHER_SWIFT_FLAGS = (
					"-Xcc",
					"-Wno-incomplete-umbrella",
				);
				PRODUCT_BUNDLE_IDENTIFIER = com.benfriebe.nex.tests;
				SDKROOT = macosx;
				TEST_HOST = "$(BUILT_PRODUCTS_DIR)/Nex.app/Contents/MacOS/Nex";
			};
			name = Debug;
		};
		EC68342DCF46265D0538859C /* Release */ = {
			isa = XCBuildConfiguration;
			buildSettings = {
				BUNDLE_LOADER = "$(TEST_HOST)";
				COMBINE_HIDPI_IMAGES = YES;
				GENERATE_INFOPLIST_FILE = YES;
				HEADER_SEARCH_PATHS = (
					"$(SRCROOT)/ghostty/include",
				);
				LD_RUNPATH_SEARCH_PATHS = (
					"$(inherited)",
					"@executable_path/../Frameworks",
					"@loader_path/../Frameworks",
				);
				OTHER_CFLAGS = (
					"-Wno-incomplete-umbrella",
				);
				OTHER_SWIFT_FLAGS = (
					"-Xcc",
					"-Wno-incomplete-umbrella",
				);
				PRODUCT_BUNDLE_IDENTIFIER = com.benfriebe.nex.tests;
				SDKROOT = macosx;
				TEST_HOST = "$(BUILT_PRODUCTS_DIR)/Nex.app/Contents/MacOS/Nex";
			};
			name = Release;
		};
		F52B9E5905EE8D8627E53E9B /* Release */ = {
			isa = XCBuildConfiguration;
			buildSettings = {
				ASSETCATALOG_COMPILER_APPICON_NAME = AppIcon;
				CODE_SIGN_ENTITLEMENTS = Nex/Nex.entitlements;
				COMBINE_HIDPI_IMAGES = YES;
				GENERATE_INFOPLIST_FILE = NO;
				HEADER_SEARCH_PATHS = (
					"$(SRCROOT)/ghostty/include",
				);
				INFOPLIST_FILE = Nex/Info.plist;
				LD_RUNPATH_SEARCH_PATHS = (
					"$(inherited)",
					"@executable_path/../Frameworks",
				);
				OTHER_CFLAGS = (
					"-Wno-incomplete-umbrella",
				);
				OTHER_LDFLAGS = (
					"-lc++",
					"-lz",
					"-L$(SRCROOT)/lib",
					"-lghostty",
				);
				OTHER_SWIFT_FLAGS = (
					"-Xcc",
					"-Wno-incomplete-umbrella",
				);
				PRODUCT_BUNDLE_IDENTIFIER = com.benfriebe.nex;
				PRODUCT_NAME = Nex;
				SDKROOT = macosx;
				SWIFT_OBJC_BRIDGING_HEADER = "Nex/Ghostty/Ghostty-Bridging-Header.h";
			};
			name = Release;
		};
/* End XCBuildConfiguration section */

/* Begin XCConfigurationList section */
		26621FC95927D8B985FBEDC2 /* Build configuration list for PBXNativeTarget "Nex" */ = {
			isa = XCConfigurationList;
			buildConfigurations = (
				501273DEC1076337CF4A57BD /* Debug */,
				F52B9E5905EE8D8627E53E9B /* Release */,
			);
			defaultConfigurationIsVisible = 0;
			defaultConfigurationName = Debug;
		};
		8A5A3AC3BD86FE0A3BB6386B /* Build configuration list for PBXProject "Nex" */ = {
			isa = XCConfigurationList;
			buildConfigurations = (
				58A152E4C172F1D61D02FB6C /* Debug */,
				6147816EA9DE8DEB11533970 /* Release */,
			);
			defaultConfigurationIsVisible = 0;
			defaultConfigurationName = Debug;
		};
		A21210B422176F86C1E742A2 /* Build configuration list for PBXNativeTarget "NexTests" */ = {
			isa = XCConfigurationList;
			buildConfigurations = (
				B3B48EBE82C2009CAD14D596 /* Debug */,
				EC68342DCF46265D0538859C /* Release */,
			);
			defaultConfigurationIsVisible = 0;
			defaultConfigurationName = Debug;
		};
/* End XCConfigurationList section */

/* Begin XCRemoteSwiftPackageReference section */
		6E173FC7EE2E93830E33275D /* XCRemoteSwiftPackageReference "swift-composable-architecture" */ = {
			isa = XCRemoteSwiftPackageReference;
			repositoryURL = "https://github.com/pointfreeco/swift-composable-architecture";
			requirement = {
				kind = exactVersion;
				version = 1.25.5;
			};
		};
		74E1DDA9D84597B0F162BA1C /* XCRemoteSwiftPackageReference "GRDB.swift" */ = {
			isa = XCRemoteSwiftPackageReference;
			repositoryURL = "https://github.com/groue/GRDB.swift";
			requirement = {
				kind = exactVersion;
				version = 7.3.0;
			};
		};
		9F09C051CE1194C74915BD2E /* XCRemoteSwiftPackageReference "swift-markdown" */ = {
			isa = XCRemoteSwiftPackageReference;
			repositoryURL = "https://github.com/swiftlang/swift-markdown";
			requirement = {
				kind = upToNextMajorVersion;
				minimumVersion = 0.5.0;
			};
		};
		A90C5D38F552F217B7D089E9 /* XCRemoteSwiftPackageReference "Sparkle" */ = {
			isa = XCRemoteSwiftPackageReference;
			repositoryURL = "https://github.com/sparkle-project/Sparkle";
			requirement = {
				kind = upToNextMajorVersion;
				minimumVersion = 2.6.0;
			};
		};
		BDC72AE7CC087295CCC0D1B0 /* XCRemoteSwiftPackageReference "Yams" */ = {
			isa = XCRemoteSwiftPackageReference;
			repositoryURL = "https://github.com/jpsim/Yams";
			requirement = {
				kind = upToNextMajorVersion;
				minimumVersion = 5.1.0;
			};
		};
/* End XCRemoteSwiftPackageReference section */

/* Begin XCSwiftPackageProductDependency section */
		3A812A87D56E4976C8BF532E /* GRDB */ = {
			isa = XCSwiftPackageProductDependency;
			package = 74E1DDA9D84597B0F162BA1C /* XCRemoteSwiftPackageReference "GRDB.swift" */;
			productName = GRDB;
		};
		8B14B7BF7BD4FCD61EBB97A9 /* ComposableArchitecture */ = {
			isa = XCSwiftPackageProductDependency;
			package = 6E173FC7EE2E93830E33275D /* XCRemoteSwiftPackageReference "swift-composable-architecture" */;
			productName = ComposableArchitecture;
		};
		98CF017F4F26916F63300A33 /* Yams */ = {
			isa = XCSwiftPackageProductDependency;
			package = BDC72AE7CC087295CCC0D1B0 /* XCRemoteSwiftPackageReference "Yams" */;
			productName = Yams;
		};
		A7AC116A099F0911E230E51F /* Markdown */ = {
			isa = XCSwiftPackageProductDependency;
			package = 9F09C051CE1194C74915BD2E /* XCRemoteSwiftPackageReference "swift-markdown" */;
			productName = Markdown;
		};
		EFC4D8E9A152683486EC7F29 /* Sparkle */ = {
			isa = XCSwiftPackageProductDependency;
			package = A90C5D38F552F217B7D089E9 /* XCRemoteSwiftPackageReference "Sparkle" */;
			productName = Sparkle;
		};
/* End XCSwiftPackageProductDependency section */
	};
	rootObject = 0AE995B063DE16861B083ABB /* Project object */;
}
